{
  "version": 4,
  "terraform_version": "1.13.1",
  "serial": 64,
  "lineage": "a422f6d3-e07f-b03d-ee60-4a362f9adf95",
  "outputs": {},
  "resources": [
    {
      "mode": "data",
      "type": "terraform_remote_state",
      "name": "ess",
      "provider": "provider[\"terraform.io/builtin/terraform\"]",
      "instances": [
        {
          "schema_version": 0,
          "attributes": {
            "backend": "local",
            "config": {
              "value": {
                "path": "./../02-elastic-ec/terraform.tfstate"
              },
              "type": [
                "object",
                {
                  "path": "string"
                }
              ]
            },
            "defaults": null,
            "outputs": {
              "value": {
                "ess_alias": "38f7640b2bfb4416a37e1adc11a779ab",
                "ess_cloud_id": "poc-ess:dXMtZWFzdC0xLmF3cy5mb3VuZC5pbzo0NDMkMzhmNzY0MGIyYmZiNDQxNmEzN2UxYWRjMTFhNzc5YWIkZDUyNTJkOTI0NGY0NDBhZGEyZWY1YmMyZTA2YmIzZjk=",
                "ess_deployment_id": "85b38536a79eea39406a4519c8d2712d",
                "ess_deployment_template_id": "aws-general-purpose",
                "ess_http_endpoint": "http://38f7640b2bfb4416a37e1adc11a779ab.us-east-1.aws.found.io:9200",
                "ess_https_endpoint": "https://38f7640b2bfb4416a37e1adc11a779ab.us-east-1.aws.found.io:443",
                "ess_password": "wPLfi1QchwdvTWDu1lXjhnuD",
                "ess_region": "us-east-1",
                "ess_username": "elastic",
                "ess_version": "8.19.3",
                "kibana_https_endpoint": "https://d5252d9244f440ada2ef5bc2e06bb3f9.us-east-1.aws.found.io:443"
              },
              "type": [
                "object",
                {
                  "ess_alias": "string",
                  "ess_cloud_id": "string",
                  "ess_deployment_id": "string",
                  "ess_deployment_template_id": "string",
                  "ess_http_endpoint": "string",
                  "ess_https_endpoint": "string",
                  "ess_password": "string",
                  "ess_region": "string",
                  "ess_username": "string",
                  "ess_version": "string",
                  "kibana_https_endpoint": "string"
                }
              ]
            },
            "workspace": null
          },
          "sensitive_attributes": [],
          "identity_schema_version": 0
        }
      ]
    },
    {
      "mode": "data",
      "type": "terraform_remote_state",
      "name": "msk",
      "provider": "provider[\"terraform.io/builtin/terraform\"]",
      "instances": [
        {
          "schema_version": 0,
          "attributes": {
            "backend": "local",
            "config": {
              "value": {
                "path": "./../01-msk/terraform.tfstate"
              },
              "type": [
                "object",
                {
                  "path": "string"
                }
              ]
            },
            "defaults": null,
            "outputs": {
              "value": {
                "aws_security_group_connect_like_id": "sg-04238a7f56657e478",
                "aws_security_group_msk_id": "sg-0ee97260fd68f89b3",
                "ec2_client_instance_id": "i-084f0aeebcc2226d2",
                "ec2_client_private_ip": "10.40.11.82",
                "ec2_client_ssm_command": "aws ssm start-session --target i-084f0aeebcc2226d2 --profile poc-mks",
                "msk_bootstrap_brokers_tls": "b-1.pocmsk.9akshv.c10.kafka.us-east-1.amazonaws.com:9094,b-2.pocmsk.9akshv.c10.kafka.us-east-1.amazonaws.com:9094",
                "private_subnet_ids": [
                  "subnet-065c1758bfd9cfb8b",
                  "subnet-047fd33944f88aa5f"
                ],
                "privatelink_eligible_private_subnet_ids": [
                  "subnet-047fd33944f88aa5f"
                ],
                "privatelink_record_fqdn": "*.vpce.us-east-1.aws.elastic-cloud.com",
                "privatelink_service_name": "com.amazonaws.vpce.us-east-1.vpce-svc-0e42e1e06ed010238",
                "privatelink_supported_az_names": [
                  "us-east-1b",
                  "us-east-1c",
                  "us-east-1d"
                ],
                "privatelink_zone_id": "Z0213426W9EFZYCGHIYW",
                "privatelink_zone_name": "vpce.us-east-1.aws.elastic-cloud.com",
                "vpce_dns_names": [
                  "vpce-0d4a684b5a0b872d8-3jatsyi2.vpce-svc-0e42e1e06ed010238.us-east-1.vpce.amazonaws.com",
                  "vpce-0d4a684b5a0b872d8-3jatsyi2-us-east-1b.vpce-svc-0e42e1e06ed010238.us-east-1.vpce.amazonaws.com"
                ],
                "vpce_dns_zone_ids": [
                  "Z7HUB22UULQXV",
                  "Z7HUB22UULQXV"
                ],
                "vpce_id": "vpce-0d4a684b5a0b872d8",
                "vpce_network_interface_ids": [
                  "eni-033635e8e548bd231"
                ],
                "vpce_security_group_id": "sg-0f0759aae3de4a729",
                "vpce_state": "available",
                "vpce_subnet_ids": [
                  "subnet-047fd33944f88aa5f"
                ]
              },
              "type": [
                "object",
                {
                  "aws_security_group_connect_like_id": "string",
                  "aws_security_group_msk_id": "string",
                  "ec2_client_instance_id": "string",
                  "ec2_client_private_ip": "string",
                  "ec2_client_ssm_command": "string",
                  "msk_bootstrap_brokers_tls": "string",
                  "private_subnet_ids": [
                    "tuple",
                    [
                      "string",
                      "string"
                    ]
                  ],
                  "privatelink_eligible_private_subnet_ids": [
                    "tuple",
                    [
                      "string"
                    ]
                  ],
                  "privatelink_record_fqdn": "string",
                  "privatelink_service_name": "string",
                  "privatelink_supported_az_names": [
                    "set",
                    "string"
                  ],
                  "privatelink_zone_id": "string",
                  "privatelink_zone_name": "string",
                  "vpce_dns_names": [
                    "list",
                    "string"
                  ],
                  "vpce_dns_zone_ids": [
                    "list",
                    "string"
                  ],
                  "vpce_id": "string",
                  "vpce_network_interface_ids": [
                    "set",
                    "string"
                  ],
                  "vpce_security_group_id": "string",
                  "vpce_state": "string",
                  "vpce_subnet_ids": [
                    "set",
                    "string"
                  ]
                }
              ]
            },
            "workspace": null
          },
          "sensitive_attributes": [],
          "identity_schema_version": 0
        }
      ]
    },
    {
      "mode": "managed",
      "type": "aws_cloudwatch_log_group",
      "name": "msk_connect",
      "provider": "provider[\"registry.terraform.io/hashicorp/aws\"]",
      "instances": [
        {
          "schema_version": 0,
          "attributes": {
            "arn": "arn:aws:logs:us-east-1:355262196527:log-group:/aws/msk-connect/poc",
            "id": "/aws/msk-connect/poc",
            "kms_key_id": "",
            "log_group_class": "STANDARD",
            "name": "/aws/msk-connect/poc",
            "name_prefix": "",
            "retention_in_days": 3,
            "skip_destroy": false,
            "tags": {},
            "tags_all": {
              "ManagedBy": "terraform",
              "Project": "poc-msk",
              "ResourceGroup": "poc-msk"
            }
          },
          "sensitive_attributes": [],
          "identity_schema_version": 0,
          "private": "bnVsbA=="
        }
      ]
    },
    {
      "mode": "managed",
      "type": "aws_iam_policy",
      "name": "connect",
      "provider": "provider[\"registry.terraform.io/hashicorp/aws\"]",
      "instances": [
        {
          "schema_version": 0,
          "attributes": {
            "arn": "arn:aws:iam::355262196527:policy/poc-msk-connect-policy",
            "attachment_count": 1,
            "description": "",
            "id": "arn:aws:iam::355262196527:policy/poc-msk-connect-policy",
            "name": "poc-msk-connect-policy",
            "name_prefix": "",
            "path": "/",
            "policy": "{\"Statement\":[{\"Action\":[\"s3:GetObject\",\"s3:ListBucket\"],\"Effect\":\"Allow\",\"Resource\":[\"arn:aws:s3:::poc-msk-plugins-e5fd4e\",\"arn:aws:s3:::poc-msk-plugins-e5fd4e/*\"]},{\"Action\":[\"logs:CreateLogGroup\",\"logs:CreateLogStream\",\"logs:PutLogEvents\",\"logs:DescribeLogStreams\"],\"Effect\":\"Allow\",\"Resource\":\"*\"},{\"Action\":[\"ec2:CreateNetworkInterface\",\"ec2:DescribeNetworkInterfaces\",\"ec2:DeleteNetworkInterface\",\"ec2:DescribeSubnets\",\"ec2:DescribeSecurityGroups\",\"ec2:DescribeVpcs\"],\"Effect\":\"Allow\",\"Resource\":\"*\"}],\"Version\":\"2012-10-17\"}",
            "policy_id": "ANPAVFN2G5MX32HQXEYC5",
            "tags": {},
            "tags_all": {
              "ManagedBy": "terraform",
              "Project": "poc-msk",
              "ResourceGroup": "poc-msk"
            }
          },
          "sensitive_attributes": [],
          "identity_schema_version": 0,
          "private": "bnVsbA==",
          "dependencies": [
            "aws_s3_bucket.plugins",
            "random_id.plugins_rand"
          ]
        }
      ]
    },
    {
      "mode": "managed",
      "type": "aws_iam_role",
      "name": "connect",
      "provider": "provider[\"registry.terraform.io/hashicorp/aws\"]",
      "instances": [
        {
          "schema_version": 0,
          "attributes": {
            "arn": "arn:aws:iam::355262196527:role/poc-msk-connect-role",
            "assume_role_policy": "{\"Statement\":[{\"Action\":\"sts:AssumeRole\",\"Effect\":\"Allow\",\"Principal\":{\"Service\":\"kafkaconnect.amazonaws.com\"}}],\"Version\":\"2012-10-17\"}",
            "create_date": "2025-09-02T19:11:12Z",
            "description": "",
            "force_detach_policies": false,
            "id": "poc-msk-connect-role",
            "inline_policy": [],
            "managed_policy_arns": [
              "arn:aws:iam::355262196527:policy/poc-msk-connect-policy"
            ],
            "max_session_duration": 3600,
            "name": "poc-msk-connect-role",
            "name_prefix": "",
            "path": "/",
            "permissions_boundary": "",
            "tags": {},
            "tags_all": {
              "ManagedBy": "terraform",
              "Project": "poc-msk",
              "ResourceGroup": "poc-msk"
            },
            "unique_id": "AROAVFN2G5MXSYWEN77WL"
          },
          "sensitive_attributes": [],
          "identity_schema_version": 0,
          "private": "bnVsbA=="
        }
      ]
    },
    {
      "mode": "managed",
      "type": "aws_iam_role_policy_attachment",
      "name": "attach",
      "provider": "provider[\"registry.terraform.io/hashicorp/aws\"]",
      "instances": [
        {
          "schema_version": 0,
          "attributes": {
            "id": "poc-msk-connect-role-20250902191117150400000001",
            "policy_arn": "arn:aws:iam::355262196527:policy/poc-msk-connect-policy",
            "role": "poc-msk-connect-role"
          },
          "sensitive_attributes": [],
          "identity_schema_version": 0,
          "private": "bnVsbA==",
          "dependencies": [
            "aws_iam_policy.connect",
            "aws_iam_role.connect",
            "aws_s3_bucket.plugins",
            "random_id.plugins_rand"
          ]
        }
      ]
    },
    {
      "mode": "managed",
      "type": "aws_mskconnect_connector",
      "name": "sink",
      "provider": "provider[\"registry.terraform.io/hashicorp/aws\"]",
      "instances": [
        {
          "schema_version": 0,
          "attributes": {
            "arn": "arn:aws:kafkaconnect:us-east-1:355262196527:connector/poc-es-sink/ccc006aa-162d-4cf6-bbd9-5804ed1df61b-2",
            "capacity": [
              {
                "autoscaling": [],
                "provisioned_capacity": [
                  {
                    "mcu_count": 1,
                    "worker_count": 1
                  }
                ]
              }
            ],
            "connector_configuration": {
              "connection.password": "wPLfi1QchwdvTWDu1lXjhnuD",
              "connection.url": "https://38f7640b2bfb4416a37e1adc11a779ab.vpce.us-east-1.aws.elastic-cloud.com:443",
              "connection.username": "elastic",
              "connector.class": "io.confluent.connect.elasticsearch.ElasticsearchSinkConnector",
              "errors.deadletterqueue.context.headers.enable": "true",
              "errors.deadletterqueue.topic.name": "_dlq.ess.sink",
              "errors.deadletterqueue.topic.replication.factor": "2",
              "errors.tolerance": "all",
              "key.converter": "org.apache.kafka.connect.storage.StringConverter",
              "key.ignore": "true",
              "schema.ignore": "true",
              "tasks.max": "2",
              "topics.regex": "^(logs|pay|metrics)-.*",
              "value.converter": "org.apache.kafka.connect.json.JsonConverter",
              "value.converter.schemas.enable": "false",
              "write.method": "insert"
            },
            "description": "",
            "id": "arn:aws:kafkaconnect:us-east-1:355262196527:connector/poc-es-sink/ccc006aa-162d-4cf6-bbd9-5804ed1df61b-2",
            "kafka_cluster": [
              {
                "apache_kafka_cluster": [
                  {
                    "bootstrap_servers": "b-1.pocmsk.9akshv.c10.kafka.us-east-1.amazonaws.com:9094,b-2.pocmsk.9akshv.c10.kafka.us-east-1.amazonaws.com:9094",
                    "vpc": [
                      {
                        "security_groups": [
                          "sg-04238a7f56657e478"
                        ],
                        "subnets": [
                          "subnet-047fd33944f88aa5f",
                          "subnet-065c1758bfd9cfb8b"
                        ]
                      }
                    ]
                  }
                ]
              }
            ],
            "kafka_cluster_client_authentication": [
              {
                "authentication_type": "NONE"
              }
            ],
            "kafka_cluster_encryption_in_transit": [
              {
                "encryption_type": "TLS"
              }
            ],
            "kafkaconnect_version": "3.7.x",
            "log_delivery": [
              {
                "worker_log_delivery": [
                  {
                    "cloudwatch_logs": [
                      {
                        "enabled": true,
                        "log_group": "/aws/msk-connect/poc"
                      }
                    ],
                    "firehose": [],
                    "s3": []
                  }
                ]
              }
            ],
            "name": "poc-es-sink",
            "plugin": [
              {
                "custom_plugin": [
                  {
                    "arn": "arn:aws:kafkaconnect:us-east-1:355262196527:custom-plugin/es-sink-plugin/8e421038-8066-43a4-afa7-2914ae2ce89d-2",
                    "revision": 1
                  }
                ]
              }
            ],
            "service_execution_role_arn": "arn:aws:iam::355262196527:role/poc-msk-connect-role",
            "tags": null,
            "tags_all": {
              "ManagedBy": "terraform",
              "Project": "poc-msk",
              "ResourceGroup": "poc-msk"
            },
            "timeouts": null,
            "version": "C2EUQ1WTGCTBG2",
            "worker_configuration": [
              {
                "arn": "arn:aws:kafkaconnect:us-east-1:355262196527:worker-configuration/poc-worker-config/1e5d411b-e708-4cd9-8397-ccd1656169ed-2",
                "revision": 1
              }
            ]
          },
          "sensitive_attributes": [],
          "identity_schema_version": 0,
          "private": "eyJlMmJmYjczMC1lY2FhLTExZTYtOGY4OC0zNDM2M2JjN2M0YzAiOnsiY3JlYXRlIjoxMjAwMDAwMDAwMDAwLCJkZWxldGUiOjYwMDAwMDAwMDAwMCwidXBkYXRlIjoxMjAwMDAwMDAwMDAwfX0=",
          "dependencies": [
            "aws_cloudwatch_log_group.msk_connect",
            "aws_iam_role.connect",
            "aws_mskconnect_custom_plugin.es",
            "aws_mskconnect_worker_configuration.wc",
            "aws_s3_bucket.plugins",
            "aws_s3_object.es_sink_zip",
            "data.terraform_remote_state.ess",
            "data.terraform_remote_state.msk",
            "random_id.plugins_rand"
          ]
        }
      ]
    },
    {
      "mode": "managed",
      "type": "aws_mskconnect_custom_plugin",
      "name": "es",
      "provider": "provider[\"registry.terraform.io/hashicorp/aws\"]",
      "instances": [
        {
          "schema_version": 0,
          "attributes": {
            "arn": "arn:aws:kafkaconnect:us-east-1:355262196527:custom-plugin/es-sink-plugin/8e421038-8066-43a4-afa7-2914ae2ce89d-2",
            "content_type": "ZIP",
            "description": "",
            "id": "arn:aws:kafkaconnect:us-east-1:355262196527:custom-plugin/es-sink-plugin/8e421038-8066-43a4-afa7-2914ae2ce89d-2",
            "latest_revision": 1,
            "location": [
              {
                "s3": [
                  {
                    "bucket_arn": "arn:aws:s3:::poc-msk-plugins-e5fd4e",
                    "file_key": "confluentinc-kafka-connect-elasticsearch-15.0.1.zip",
                    "object_version": ""
                  }
                ]
              }
            ],
            "name": "es-sink-plugin",
            "state": "ACTIVE",
            "tags": {},
            "tags_all": {
              "ManagedBy": "terraform",
              "Project": "poc-msk",
              "ResourceGroup": "poc-msk"
            },
            "timeouts": null
          },
          "sensitive_attributes": [],
          "identity_schema_version": 0,
          "private": "eyJlMmJmYjczMC1lY2FhLTExZTYtOGY4OC0zNDM2M2JjN2M0YzAiOnsiY3JlYXRlIjo2MDAwMDAwMDAwMDAsImRlbGV0ZSI6NjAwMDAwMDAwMDAwfX0=",
          "dependencies": [
            "aws_s3_bucket.plugins",
            "aws_s3_object.es_sink_zip",
            "random_id.plugins_rand"
          ]
        }
      ]
    },
    {
      "mode": "managed",
      "type": "aws_mskconnect_worker_configuration",
      "name": "wc",
      "provider": "provider[\"registry.terraform.io/hashicorp/aws\"]",
      "instances": [
        {
          "schema_version": 0,
          "attributes": {
            "arn": "arn:aws:kafkaconnect:us-east-1:355262196527:worker-configuration/poc-worker-config/1e5d411b-e708-4cd9-8397-ccd1656169ed-2",
            "description": "",
            "id": "arn:aws:kafkaconnect:us-east-1:355262196527:worker-configuration/poc-worker-config/1e5d411b-e708-4cd9-8397-ccd1656169ed-2",
            "latest_revision": 1,
            "name": "poc-worker-config",
            "properties_file_content": "# Requisitos mínimos do MSK Connect\nkey.converter=org.apache.kafka.connect.storage.StringConverter\nvalue.converter=org.apache.kafka.connect.json.JsonConverter\nvalue.converter.schemas.enable=false\n\n# Ajuste inofensivo\noffset.flush.interval.ms=60000\n",
            "tags": {},
            "tags_all": {
              "ManagedBy": "terraform",
              "Project": "poc-msk",
              "ResourceGroup": "poc-msk"
            },
            "timeouts": null
          },
          "sensitive_attributes": [],
          "identity_schema_version": 0,
          "private": "eyJlMmJmYjczMC1lY2FhLTExZTYtOGY4OC0zNDM2M2JjN2M0YzAiOnsiZGVsZXRlIjo2MDAwMDAwMDAwMDB9fQ=="
        }
      ]
    },
    {
      "mode": "managed",
      "type": "aws_s3_bucket",
      "name": "plugins",
      "provider": "provider[\"registry.terraform.io/hashicorp/aws\"]",
      "instances": [
        {
          "schema_version": 0,
          "attributes": {
            "acceleration_status": "",
            "acl": null,
            "arn": "arn:aws:s3:::poc-msk-plugins-e5fd4e",
            "bucket": "poc-msk-plugins-e5fd4e",
            "bucket_domain_name": "poc-msk-plugins-e5fd4e.s3.amazonaws.com",
            "bucket_prefix": "",
            "bucket_regional_domain_name": "poc-msk-plugins-e5fd4e.s3.us-east-1.amazonaws.com",
            "cors_rule": [],
            "force_destroy": true,
            "grant": [
              {
                "id": "98c5218c2ff34550d8617ba8bb76e509ed17d408ac6b3aec48fbc6691b9a2746",
                "permissions": [
                  "FULL_CONTROL"
                ],
                "type": "CanonicalUser",
                "uri": ""
              }
            ],
            "hosted_zone_id": "Z3AQBSTGFYJSTF",
            "id": "poc-msk-plugins-e5fd4e",
            "lifecycle_rule": [],
            "logging": [],
            "object_lock_configuration": [],
            "object_lock_enabled": false,
            "policy": "",
            "region": "us-east-1",
            "replication_configuration": [],
            "request_payer": "BucketOwner",
            "server_side_encryption_configuration": [
              {
                "rule": [
                  {
                    "apply_server_side_encryption_by_default": [
                      {
                        "kms_master_key_id": "",
                        "sse_algorithm": "AES256"
                      }
                    ],
                    "bucket_key_enabled": false
                  }
                ]
              }
            ],
            "tags": {},
            "tags_all": {
              "ManagedBy": "terraform",
              "Project": "poc-msk",
              "ResourceGroup": "poc-msk"
            },
            "timeouts": null,
            "versioning": [
              {
                "enabled": true,
                "mfa_delete": false
              }
            ],
            "website": [],
            "website_domain": null,
            "website_endpoint": null
          },
          "sensitive_attributes": [],
          "identity_schema_version": 0,
          "private": "eyJlMmJmYjczMC1lY2FhLTExZTYtOGY4OC0zNDM2M2JjN2M0YzAiOnsiY3JlYXRlIjoxMjAwMDAwMDAwMDAwLCJkZWxldGUiOjM2MDAwMDAwMDAwMDAsInJlYWQiOjEyMDAwMDAwMDAwMDAsInVwZGF0ZSI6MTIwMDAwMDAwMDAwMH19",
          "dependencies": [
            "random_id.plugins_rand"
          ]
        }
      ]
    },
    {
      "mode": "managed",
      "type": "aws_s3_bucket_public_access_block",
      "name": "plugins",
      "provider": "provider[\"registry.terraform.io/hashicorp/aws\"]",
      "instances": [
        {
          "schema_version": 0,
          "attributes": {
            "block_public_acls": true,
            "block_public_policy": true,
            "bucket": "poc-msk-plugins-e5fd4e",
            "id": "poc-msk-plugins-e5fd4e",
            "ignore_public_acls": true,
            "restrict_public_buckets": true
          },
          "sensitive_attributes": [],
          "identity_schema_version": 0,
          "private": "bnVsbA==",
          "dependencies": [
            "aws_s3_bucket.plugins",
            "random_id.plugins_rand"
          ]
        }
      ]
    },
    {
      "mode": "managed",
      "type": "aws_s3_bucket_versioning",
      "name": "plugins",
      "provider": "provider[\"registry.terraform.io/hashicorp/aws\"]",
      "instances": [
        {
          "schema_version": 0,
          "attributes": {
            "bucket": "poc-msk-plugins-e5fd4e",
            "expected_bucket_owner": "",
            "id": "poc-msk-plugins-e5fd4e",
            "mfa": null,
            "versioning_configuration": [
              {
                "mfa_delete": "",
                "status": "Enabled"
              }
            ]
          },
          "sensitive_attributes": [],
          "identity_schema_version": 0,
          "private": "bnVsbA==",
          "dependencies": [
            "aws_s3_bucket.plugins",
            "random_id.plugins_rand"
          ]
        }
      ]
    },
    {
      "mode": "managed",
      "type": "aws_s3_object",
      "name": "es_sink_zip",
      "provider": "provider[\"registry.terraform.io/hashicorp/aws\"]",
      "instances": [
        {
          "schema_version": 0,
          "attributes": {
            "acl": null,
            "arn": "arn:aws:s3:::poc-msk-plugins-e5fd4e/confluentinc-kafka-connect-elasticsearch-15.0.1.zip",
            "bucket": "poc-msk-plugins-e5fd4e",
            "bucket_key_enabled": false,
            "cache_control": "",
            "checksum_algorithm": null,
            "checksum_crc32": "",
            "checksum_crc32c": "",
            "checksum_crc64nvme": "",
            "checksum_sha1": "",
            "checksum_sha256": "",
            "content": null,
            "content_base64": null,
            "content_disposition": "",
            "content_encoding": "",
            "content_language": "",
            "content_type": "application/zip",
            "etag": "a1fe2e23b45e6f470e486c4e826aaecd-9",
            "force_destroy": false,
            "id": "confluentinc-kafka-connect-elasticsearch-15.0.1.zip",
            "key": "confluentinc-kafka-connect-elasticsearch-15.0.1.zip",
            "kms_key_id": null,
            "metadata": {},
            "object_lock_legal_hold_status": "",
            "object_lock_mode": "",
            "object_lock_retain_until_date": "",
            "override_provider": [],
            "server_side_encryption": "AES256",
            "source": "./confluentinc-kafka-connect-elasticsearch-15.0.1.zip",
            "source_hash": null,
            "storage_class": "STANDARD",
            "tags": {},
            "tags_all": {
              "ManagedBy": "terraform",
              "Project": "poc-msk",
              "ResourceGroup": "poc-msk"
            },
            "version_id": "IUkUn4FbrZW7Obv5L7XkLism0sz1y3gw",
            "website_redirect": ""
          },
          "sensitive_attributes": [],
          "identity_schema_version": 0,
          "private": "bnVsbA==",
          "dependencies": [
            "aws_s3_bucket.plugins",
            "random_id.plugins_rand"
          ]
        }
      ]
    },
    {
      "mode": "managed",
      "type": "random_id",
      "name": "plugins_rand",
      "provider": "provider[\"registry.terraform.io/hashicorp/random\"]",
      "instances": [
        {
          "schema_version": 0,
          "attributes": {
            "b64_std": "5f1O",
            "b64_url": "5f1O",
            "byte_length": 3,
            "dec": "15072590",
            "hex": "e5fd4e",
            "id": "5f1O",
            "keepers": null,
            "prefix": null
          },
          "sensitive_attributes": [],
          "identity_schema_version": 0
        }
      ]
    }
  ],
  "check_results": null
}
