{
  "version": 4,
  "terraform_version": "1.9.3",
  "serial": 86,
  "lineage": "1ecd2a6f-2e90-8308-e517-70e73d5316c7",
  "outputs": {},
  "resources": [
    {
      "mode": "data",
      "type": "local_file",
      "name": "azure_credentials",
      "provider": "provider[\"registry.terraform.io/hashicorp/local\"]",
      "instances": [
        {
          "schema_version": 0,
          "attributes": {
            "content": "{\r\n    \"clientId\": \"4c458be7-19bb-4a00-b4a0-9cf50bca4cab\",\r\n    \"objectId\": \"76d8becb-f1f6-47c5-b578-e3c94515f66d\",\r\n    \"tenantId\": \"927f4d2a-c3fd-43c1-bf5f-4955246c0831\",\r\n    \"clientSecret\": \"QSk8Q~UmU--TN2JwQ6Xn8ZnIIZIw.bhOCD6LBcge\",\r\n    \"subscriptionId\": \"af5becc0-4cce-45bd-ab40-12056a1ef573\"\r\n}",
            "content_base64": "ew0KICAgICJjbGllbnRJZCI6ICI0YzQ1OGJlNy0xOWJiLTRhMDAtYjRhMC05Y2Y1MGJjYTRjYWIiLA0KICAgICJvYmplY3RJZCI6ICI3NmQ4YmVjYi1mMWY2LTQ3YzUtYjU3OC1lM2M5NDUxNWY2NmQiLA0KICAgICJ0ZW5hbnRJZCI6ICI5MjdmNGQyYS1jM2ZkLTQzYzEtYmY1Zi00OTU1MjQ2YzA4MzEiLA0KICAgICJjbGllbnRTZWNyZXQiOiAiUVNrOFF+VW1VLS1UTjJKd1E2WG44Wm5JSVpJdy5iaE9DRDZMQmNnZSIsDQogICAgInN1YnNjcmlwdGlvbklkIjogImFmNWJlY2MwLTRjY2UtNDViZC1hYjQwLTEyMDU2YTFlZjU3MyINCn0=",
            "content_base64sha256": "HEXkQ3qzSW0gSf2yYEsLsApJcByiNjFz0NLT0+cWlvs=",
            "content_base64sha512": "dEGYPQEaAYHF6juZ3bP5rZUw1S1EpNEjoN6/zoN++IcXIM6LyCw3AgahNbURX7LeoQCHLhoLkmUSGvcnkyDzKg==",
            "content_md5": "dbae3a9a39ac6b8c77e60f77c355fc4e",
            "content_sha1": "bb6be4af5fc106c7c04bba5c0b84e4231c60a631",
            "content_sha256": "1c45e4437ab3496d2049fdb2604b0bb00a49701ca2363173d0d2d3d3e71696fb",
            "content_sha512": "7441983d011a0181c5ea3b99ddb3f9ad9530d52d44a4d123a0debfce837ef8871720ce8bc82c370206a135b5115fb2dea100872e1a0b9265121af7279320f32a",
            "filename": "./../azure_credentials.json",
            "id": "bb6be4af5fc106c7c04bba5c0b84e4231c60a631"
          },
          "sensitive_attributes": []
        }
      ]
    },
    {
      "mode": "managed",
      "type": "aws_s3_bucket",
      "name": "bucket",
      "provider": "provider[\"registry.terraform.io/hashicorp/aws\"]",
      "instances": [
        {
          "schema_version": 0,
          "attributes": {
            "acceleration_status": "",
            "acl": null,
            "arn": "arn:aws:s3:::soso-rm-state-bucket",
            "bucket": "soso-rm-state-bucket",
            "bucket_domain_name": "soso-rm-state-bucket.s3.amazonaws.com",
            "bucket_prefix": "",
            "bucket_regional_domain_name": "soso-rm-state-bucket.s3.eu-central-1.amazonaws.com",
            "cors_rule": [],
            "force_destroy": false,
            "grant": [
              {
                "id": "98c5218c2ff34550d8617ba8bb76e509ed17d408ac6b3aec48fbc6691b9a2746",
                "permissions": [
                  "FULL_CONTROL"
                ],
                "type": "CanonicalUser",
                "uri": ""
              }
            ],
            "hosted_zone_id": "Z21DNDUVLTQW6Q",
            "id": "soso-rm-state-bucket",
            "lifecycle_rule": [],
            "logging": [],
            "object_lock_configuration": [],
            "object_lock_enabled": false,
            "policy": "",
            "region": "eu-central-1",
            "replication_configuration": [],
            "request_payer": "BucketOwner",
            "server_side_encryption_configuration": [
              {
                "rule": [
                  {
                    "apply_server_side_encryption_by_default": [
                      {
                        "kms_master_key_id": "",
                        "sse_algorithm": "AES256"
                      }
                    ],
                    "bucket_key_enabled": false
                  }
                ]
              }
            ],
            "tags": null,
            "tags_all": {
              "manage-by": "terraform",
              "owner": "Sóstenes"
            },
            "timeouts": null,
            "versioning": [
              {
                "enabled": false,
                "mfa_delete": false
              }
            ],
            "website": [],
            "website_domain": null,
            "website_endpoint": null
          },
          "sensitive_attributes": [],
          "private": "eyJlMmJmYjczMC1lY2FhLTExZTYtOGY4OC0zNDM2M2JjN2M0YzAiOnsiY3JlYXRlIjoxMjAwMDAwMDAwMDAwLCJkZWxldGUiOjM2MDAwMDAwMDAwMDAsInJlYWQiOjEyMDAwMDAwMDAwMDAsInVwZGF0ZSI6MTIwMDAwMDAwMDAwMH19"
        }
      ]
    },
    {
      "mode": "managed",
      "type": "aws_s3_bucket_versioning",
      "name": "bucketVersioning",
      "provider": "provider[\"registry.terraform.io/hashicorp/aws\"]",
      "instances": [
        {
          "schema_version": 0,
          "attributes": {
            "bucket": "soso-rm-state-bucket",
            "expected_bucket_owner": "",
            "id": "soso-rm-state-bucket",
            "mfa": null,
            "versioning_configuration": [
              {
                "mfa_delete": "",
                "status": "Enabled"
              }
            ]
          },
          "sensitive_attributes": [],
          "private": "bnVsbA==",
          "dependencies": [
            "aws_s3_bucket.bucket"
          ]
        }
      ]
    },
    {
      "mode": "managed",
      "type": "azurerm_resource_group",
      "name": "rg",
      "provider": "provider[\"registry.terraform.io/hashicorp/azurerm\"]",
      "instances": [
        {
          "schema_version": 0,
          "attributes": {
            "id": "/subscriptions/af5becc0-4cce-45bd-ab40-12056a1ef573/resourceGroups/estudos-curso-terraform",
            "location": "eastus",
            "name": "estudos-curso-terraform",
            "tags": {
              "manage-by": "terraform",
              "owner": "Soso"
            },
            "timeouts": null
          },
          "sensitive_attributes": [],
          "private": "eyJlMmJmYjczMC1lY2FhLTExZTYtOGY4OC0zNDM2M2JjN2M0YzAiOnsiY3JlYXRlIjo1NDAwMDAwMDAwMDAwLCJkZWxldGUiOjU0MDAwMDAwMDAwMDAsInJlYWQiOjMwMDAwMDAwMDAwMCwidXBkYXRlIjo1NDAwMDAwMDAwMDAwfX0=",
          "dependencies": [
            "data.local_file.azure_credentials"
          ]
        }
      ]
    },
    {
      "mode": "managed",
      "type": "azurerm_storage_account",
      "name": "stAcc",
      "provider": "provider[\"registry.terraform.io/hashicorp/azurerm\"]",
      "instances": [
        {
          "schema_version": 3,
          "attributes": {
            "access_tier": "Hot",
            "account_kind": "StorageV2",
            "account_replication_type": "LRS",
            "account_tier": "Standard",
            "allow_nested_items_to_be_public": true,
            "allowed_copy_scope": "",
            "azure_files_authentication": [],
            "blob_properties": [
              {
                "change_feed_enabled": false,
                "change_feed_retention_in_days": 0,
                "container_delete_retention_policy": [],
                "cors_rule": [],
                "default_service_version": "",
                "delete_retention_policy": [],
                "last_access_time_enabled": false,
                "restore_policy": [],
                "versioning_enabled": true
              }
            ],
            "cross_tenant_replication_enabled": true,
            "custom_domain": [],
            "customer_managed_key": [],
            "default_to_oauth_authentication": false,
            "edge_zone": "",
            "enable_https_traffic_only": true,
            "id": "/subscriptions/af5becc0-4cce-45bd-ab40-12056a1ef573/resourceGroups/estudos-curso-terraform/providers/Microsoft.Storage/storageAccounts/sosoestudosterraform",
            "identity": [],
            "immutability_policy": [],
            "infrastructure_encryption_enabled": false,
            "is_hns_enabled": false,
            "large_file_share_enabled": null,
            "location": "eastus",
            "min_tls_version": "TLS1_2",
            "name": "sosoestudosterraform",
            "network_rules": [
              {
                "bypass": [
                  "AzureServices"
                ],
                "default_action": "Allow",
                "ip_rules": [],
                "private_link_access": [],
                "virtual_network_subnet_ids": []
              }
            ],
            "nfsv3_enabled": false,
            "primary_access_key": "30RepAyLLJPi3a6C/15n7eODvXyKFWBFcPPj37sbDq6ls9LfyhkJ5RgDCKMN013gxQrBmKIB4jeP+AStXVklfg==",
            "primary_blob_connection_string": "DefaultEndpointsProtocol=https;BlobEndpoint=https://sosoestudosterraform.blob.core.windows.net/;AccountName=sosoestudosterraform;AccountKey=30RepAyLLJPi3a6C/15n7eODvXyKFWBFcPPj37sbDq6ls9LfyhkJ5RgDCKMN013gxQrBmKIB4jeP+AStXVklfg==",
            "primary_blob_endpoint": "https://sosoestudosterraform.blob.core.windows.net/",
            "primary_blob_host": "sosoestudosterraform.blob.core.windows.net",
            "primary_connection_string": "DefaultEndpointsProtocol=https;AccountName=sosoestudosterraform;AccountKey=30RepAyLLJPi3a6C/15n7eODvXyKFWBFcPPj37sbDq6ls9LfyhkJ5RgDCKMN013gxQrBmKIB4jeP+AStXVklfg==;EndpointSuffix=core.windows.net",
            "primary_dfs_endpoint": "https://sosoestudosterraform.dfs.core.windows.net/",
            "primary_dfs_host": "sosoestudosterraform.dfs.core.windows.net",
            "primary_file_endpoint": "https://sosoestudosterraform.file.core.windows.net/",
            "primary_file_host": "sosoestudosterraform.file.core.windows.net",
            "primary_location": "eastus",
            "primary_queue_endpoint": "https://sosoestudosterraform.queue.core.windows.net/",
            "primary_queue_host": "sosoestudosterraform.queue.core.windows.net",
            "primary_table_endpoint": "https://sosoestudosterraform.table.core.windows.net/",
            "primary_table_host": "sosoestudosterraform.table.core.windows.net",
            "primary_web_endpoint": "https://sosoestudosterraform.z13.web.core.windows.net/",
            "primary_web_host": "sosoestudosterraform.z13.web.core.windows.net",
            "public_network_access_enabled": true,
            "queue_encryption_key_type": "Service",
            "queue_properties": [
              {
                "cors_rule": [],
                "hour_metrics": [
                  {
                    "enabled": true,
                    "include_apis": true,
                    "retention_policy_days": 7,
                    "version": "1.0"
                  }
                ],
                "logging": [
                  {
                    "delete": false,
                    "read": false,
                    "retention_policy_days": 0,
                    "version": "1.0",
                    "write": false
                  }
                ],
                "minute_metrics": [
                  {
                    "enabled": false,
                    "include_apis": false,
                    "retention_policy_days": 0,
                    "version": "1.0"
                  }
                ]
              }
            ],
            "resource_group_name": "estudos-curso-terraform",
            "routing": [],
            "sas_policy": [],
            "secondary_access_key": "+/Co6Q8bH6PIY4U+5BhnhEMwBLywws8oZl8Mn5mNJfo01ksOEGzSo3Dwc8lT7X44fGBqUeuLMg0L+AStlEnrdA==",
            "secondary_blob_connection_string": "",
            "secondary_blob_endpoint": null,
            "secondary_blob_host": null,
            "secondary_connection_string": "DefaultEndpointsProtocol=https;AccountName=sosoestudosterraform;AccountKey=+/Co6Q8bH6PIY4U+5BhnhEMwBLywws8oZl8Mn5mNJfo01ksOEGzSo3Dwc8lT7X44fGBqUeuLMg0L+AStlEnrdA==;EndpointSuffix=core.windows.net",
            "secondary_dfs_endpoint": null,
            "secondary_dfs_host": null,
            "secondary_file_endpoint": null,
            "secondary_file_host": null,
            "secondary_location": "",
            "secondary_queue_endpoint": null,
            "secondary_queue_host": null,
            "secondary_table_endpoint": null,
            "secondary_table_host": null,
            "secondary_web_endpoint": null,
            "secondary_web_host": null,
            "sftp_enabled": false,
            "share_properties": [
              {
                "cors_rule": [],
                "retention_policy": [
                  {
                    "days": 7
                  }
                ],
                "smb": []
              }
            ],
            "shared_access_key_enabled": true,
            "static_website": [],
            "table_encryption_key_type": "Service",
            "tags": {
              "manage-by": "terraform",
              "owner": "Soso"
            },
            "timeouts": null
          },
          "sensitive_attributes": [
            [
              {
                "type": "get_attr",
                "value": "secondary_access_key"
              }
            ],
            [
              {
                "type": "get_attr",
                "value": "secondary_blob_connection_string"
              }
            ],
            [
              {
                "type": "get_attr",
                "value": "primary_access_key"
              }
            ],
            [
              {
                "type": "get_attr",
                "value": "primary_connection_string"
              }
            ],
            [
              {
                "type": "get_attr",
                "value": "primary_blob_connection_string"
              }
            ],
            [
              {
                "type": "get_attr",
                "value": "secondary_connection_string"
              }
            ]
          ],
          "private": "eyJlMmJmYjczMC1lY2FhLTExZTYtOGY4OC0zNDM2M2JjN2M0YzAiOnsiY3JlYXRlIjozNjAwMDAwMDAwMDAwLCJkZWxldGUiOjM2MDAwMDAwMDAwMDAsInJlYWQiOjMwMDAwMDAwMDAwMCwidXBkYXRlIjozNjAwMDAwMDAwMDAwfSwic2NoZW1hX3ZlcnNpb24iOiIzIn0=",
          "dependencies": [
            "azurerm_resource_group.rg",
            "data.local_file.azure_credentials"
          ]
        }
      ]
    },
    {
      "mode": "managed",
      "type": "azurerm_storage_container",
      "name": "storage_container",
      "provider": "provider[\"registry.terraform.io/hashicorp/azurerm\"]",
      "instances": [
        {
          "schema_version": 1,
          "attributes": {
            "container_access_type": "private",
            "has_immutability_policy": false,
            "has_legal_hold": false,
            "id": "https://sosoestudosterraform.blob.core.windows.net/ssstcontestudos",
            "metadata": {},
            "name": "ssstcontestudos",
            "resource_manager_id": "/subscriptions/af5becc0-4cce-45bd-ab40-12056a1ef573/resourceGroups/estudos-curso-terraform/providers/Microsoft.Storage/storageAccounts/sosoestudosterraform/blobServices/default/containers/ssstcontestudos",
            "storage_account_name": "sosoestudosterraform",
            "timeouts": null
          },
          "sensitive_attributes": [],
          "private": "eyJlMmJmYjczMC1lY2FhLTExZTYtOGY4OC0zNDM2M2JjN2M0YzAiOnsiY3JlYXRlIjoxODAwMDAwMDAwMDAwLCJkZWxldGUiOjE4MDAwMDAwMDAwMDAsInJlYWQiOjMwMDAwMDAwMDAwMCwidXBkYXRlIjoxODAwMDAwMDAwMDAwfSwic2NoZW1hX3ZlcnNpb24iOiIxIn0=",
          "dependencies": [
            "azurerm_resource_group.rg",
            "azurerm_storage_account.stAcc",
            "data.local_file.azure_credentials"
          ]
        }
      ]
    }
  ],
  "check_results": null
}
