{
  "version": 4,
  "terraform_version": "1.13.1",
  "serial": 132,
  "lineage": "28e1b00b-4ab3-32fb-0013-993c6c4b1c52",
  "outputs": {
    "aws_security_group_connect_like_id": {
      "value": "sg-04238a7f56657e478",
      "type": "string"
    },
    "aws_security_group_msk_id": {
      "value": "sg-0ee97260fd68f89b3",
      "type": "string"
    },
    "ec2_client_instance_id": {
      "value": "i-084f0aeebcc2226d2",
      "type": "string"
    },
    "ec2_client_private_ip": {
      "value": "10.40.11.82",
      "type": "string"
    },
    "ec2_client_ssm_command": {
      "value": "aws ssm start-session --target i-084f0aeebcc2226d2 --profile poc-mks",
      "type": "string"
    },
    "kafka_ui_alb_dns": {
      "value": "alb-kafka-ui-1087979592.us-east-1.elb.amazonaws.com",
      "type": "string"
    },
    "kafka_ui_url": {
      "value": "http://alb-kafka-ui-1087979592.us-east-1.elb.amazonaws.com/",
      "type": "string"
    },
    "msk_bootstrap_brokers_tls": {
      "value": "b-1.pocmsk.9akshv.c10.kafka.us-east-1.amazonaws.com:9094,b-2.pocmsk.9akshv.c10.kafka.us-east-1.amazonaws.com:9094",
      "type": "string"
    },
    "my_ip": {
      "value": "191.53.178.49/32",
      "type": "string"
    },
    "private_subnet_ids": {
      "value": [
        "subnet-065c1758bfd9cfb8b",
        "subnet-047fd33944f88aa5f"
      ],
      "type": [
        "tuple",
        [
          "string",
          "string"
        ]
      ]
    },
    "privatelink_eligible_private_subnet_ids": {
      "value": [
        "subnet-047fd33944f88aa5f"
      ],
      "type": [
        "tuple",
        [
          "string"
        ]
      ]
    },
    "privatelink_record_fqdn": {
      "value": "*.vpce.us-east-1.aws.elastic-cloud.com",
      "type": "string"
    },
    "privatelink_service_name": {
      "value": "com.amazonaws.vpce.us-east-1.vpce-svc-0e42e1e06ed010238",
      "type": "string"
    },
    "privatelink_supported_az_names": {
      "value": [
        "us-east-1b",
        "us-east-1c",
        "us-east-1d"
      ],
      "type": [
        "set",
        "string"
      ]
    },
    "privatelink_zone_id": {
      "value": "Z0213426W9EFZYCGHIYW",
      "type": "string"
    },
    "privatelink_zone_name": {
      "value": "vpce.us-east-1.aws.elastic-cloud.com",
      "type": "string"
    },
    "vpce_dns_names": {
      "value": [
        "vpce-0d4a684b5a0b872d8-3jatsyi2.vpce-svc-0e42e1e06ed010238.us-east-1.vpce.amazonaws.com",
        "vpce-0d4a684b5a0b872d8-3jatsyi2-us-east-1b.vpce-svc-0e42e1e06ed010238.us-east-1.vpce.amazonaws.com"
      ],
      "type": [
        "list",
        "string"
      ]
    },
    "vpce_dns_zone_ids": {
      "value": [
        "Z7HUB22UULQXV",
        "Z7HUB22UULQXV"
      ],
      "type": [
        "list",
        "string"
      ]
    },
    "vpce_id": {
      "value": "vpce-0d4a684b5a0b872d8",
      "type": "string"
    },
    "vpce_network_interface_ids": {
      "value": [
        "eni-033635e8e548bd231"
      ],
      "type": [
        "set",
        "string"
      ]
    },
    "vpce_security_group_id": {
      "value": "sg-0f0759aae3de4a729",
      "type": "string"
    },
    "vpce_state": {
      "value": "available",
      "type": "string"
    },
    "vpce_subnet_ids": {
      "value": [
        "subnet-047fd33944f88aa5f"
      ],
      "type": [
        "set",
        "string"
      ]
    }
  },
  "resources": [
    {
      "mode": "data",
      "type": "aws_ami",
      "name": "al2023",
      "provider": "provider[\"registry.terraform.io/hashicorp/aws\"]",
      "instances": [
        {
          "schema_version": 0,
          "attributes": {
            "architecture": "x86_64",
            "arn": "arn:aws:ec2:us-east-1::image/ami-0a19bcec6d2ec60fb",
            "block_device_mappings": [
              {
                "device_name": "/dev/xvda",
                "ebs": {
                  "delete_on_termination": "true",
                  "encrypted": "false",
                  "iops": "3000",
                  "snapshot_id": "snap-033a8f1bc1f3a377d",
                  "throughput": "125",
                  "volume_initialization_rate": "0",
                  "volume_size": "2",
                  "volume_type": "gp3"
                },
                "no_device": "",
                "virtual_name": ""
              }
            ],
            "boot_mode": "uefi-preferred",
            "creation_date": "2025-08-13T21:49:11.000Z",
            "deprecation_time": "2025-11-11T21:49:00.000Z",
            "description": "Amazon Linux 2023 AMI 2023.8.20250818.0 x86_64 Minimal HVM kernel-6.1",
            "ena_support": true,
            "executable_users": null,
            "filter": [
              {
                "name": "name",
                "values": [
                  "al2023-ami-*-x86_64"
                ]
              }
            ],
            "hypervisor": "xen",
            "id": "ami-0a19bcec6d2ec60fb",
            "image_id": "ami-0a19bcec6d2ec60fb",
            "image_location": "amazon/al2023-ami-minimal-2023.8.20250818.0-kernel-6.1-x86_64",
            "image_owner_alias": "amazon",
            "image_type": "machine",
            "imds_support": "v2.0",
            "include_deprecated": false,
            "kernel_id": "",
            "last_launched_time": "",
            "most_recent": true,
            "name": "al2023-ami-minimal-2023.8.20250818.0-kernel-6.1-x86_64",
            "name_regex": null,
            "owner_id": "137112412989",
            "owners": [
              "137112412989"
            ],
            "platform": "",
            "platform_details": "Linux/UNIX",
            "product_codes": [],
            "public": true,
            "ramdisk_id": "",
            "root_device_name": "/dev/xvda",
            "root_device_type": "ebs",
            "root_snapshot_id": "snap-033a8f1bc1f3a377d",
            "sriov_net_support": "simple",
            "state": "available",
            "state_reason": {
              "code": "UNSET",
              "message": "UNSET"
            },
            "tags": {},
            "timeouts": null,
            "tpm_support": "",
            "uefi_data": null,
            "usage_operation": "RunInstances",
            "virtualization_type": "hvm"
          },
          "sensitive_attributes": [],
          "identity_schema_version": 0
        }
      ]
    },
    {
      "mode": "data",
      "type": "aws_availability_zones",
      "name": "available",
      "provider": "provider[\"registry.terraform.io/hashicorp/aws\"]",
      "instances": [
        {
          "schema_version": 0,
          "attributes": {
            "all_availability_zones": null,
            "exclude_names": null,
            "exclude_zone_ids": null,
            "filter": null,
            "group_names": [
              "us-east-1-zg-1"
            ],
            "id": "us-east-1",
            "names": [
              "us-east-1a",
              "us-east-1b",
              "us-east-1c",
              "us-east-1d",
              "us-east-1e",
              "us-east-1f"
            ],
            "state": "available",
            "timeouts": null,
            "zone_ids": [
              "use1-az1",
              "use1-az2",
              "use1-az4",
              "use1-az6",
              "use1-az3",
              "use1-az5"
            ]
          },
          "sensitive_attributes": [],
          "identity_schema_version": 0
        }
      ]
    },
    {
      "mode": "data",
      "type": "aws_subnet",
      "name": "private",
      "provider": "provider[\"registry.terraform.io/hashicorp/aws\"]",
      "instances": [
        {
          "index_key": "subnet-047fd33944f88aa5f",
          "schema_version": 0,
          "attributes": {
            "arn": "arn:aws:ec2:us-east-1:355262196527:subnet/subnet-047fd33944f88aa5f",
            "assign_ipv6_address_on_creation": false,
            "availability_zone": "us-east-1b",
            "availability_zone_id": "use1-az2",
            "available_ip_address_count": 247,
            "cidr_block": "10.40.12.0/24",
            "customer_owned_ipv4_pool": "",
            "default_for_az": false,
            "enable_dns64": false,
            "enable_lni_at_device_index": 0,
            "enable_resource_name_dns_a_record_on_launch": false,
            "enable_resource_name_dns_aaaa_record_on_launch": false,
            "filter": null,
            "id": "subnet-047fd33944f88aa5f",
            "ipv6_cidr_block": "",
            "ipv6_cidr_block_association_id": "",
            "ipv6_native": false,
            "map_customer_owned_ip_on_launch": false,
            "map_public_ip_on_launch": false,
            "outpost_arn": "",
            "owner_id": "355262196527",
            "private_dns_hostname_type_on_launch": "ip-name",
            "state": "available",
            "tags": {
              "ManagedBy": "terraform",
              "Name": "poc-msk-private-us-east-1b",
              "Project": "poc-msk",
              "ResourceGroup": "poc-msk"
            },
            "timeouts": null,
            "vpc_id": "vpc-01308898bef81845c"
          },
          "sensitive_attributes": [],
          "identity_schema_version": 0
        },
        {
          "index_key": "subnet-065c1758bfd9cfb8b",
          "schema_version": 0,
          "attributes": {
            "arn": "arn:aws:ec2:us-east-1:355262196527:subnet/subnet-065c1758bfd9cfb8b",
            "assign_ipv6_address_on_creation": false,
            "availability_zone": "us-east-1a",
            "availability_zone_id": "use1-az1",
            "available_ip_address_count": 246,
            "cidr_block": "10.40.11.0/24",
            "customer_owned_ipv4_pool": "",
            "default_for_az": false,
            "enable_dns64": false,
            "enable_lni_at_device_index": 0,
            "enable_resource_name_dns_a_record_on_launch": false,
            "enable_resource_name_dns_aaaa_record_on_launch": false,
            "filter": null,
            "id": "subnet-065c1758bfd9cfb8b",
            "ipv6_cidr_block": "",
            "ipv6_cidr_block_association_id": "",
            "ipv6_native": false,
            "map_customer_owned_ip_on_launch": false,
            "map_public_ip_on_launch": false,
            "outpost_arn": "",
            "owner_id": "355262196527",
            "private_dns_hostname_type_on_launch": "ip-name",
            "state": "available",
            "tags": {
              "ManagedBy": "terraform",
              "Name": "poc-msk-private-us-east-1a",
              "Project": "poc-msk",
              "ResourceGroup": "poc-msk"
            },
            "timeouts": null,
            "vpc_id": "vpc-01308898bef81845c"
          },
          "sensitive_attributes": [],
          "identity_schema_version": 0
        }
      ]
    },
    {
      "mode": "data",
      "type": "aws_vpc_endpoint_service",
      "name": "elastic",
      "provider": "provider[\"registry.terraform.io/hashicorp/aws\"]",
      "instances": [
        {
          "schema_version": 0,
          "attributes": {
            "acceptance_required": false,
            "arn": "arn:aws:ec2:us-east-1:355262196527:vpc-endpoint-service/vpce-svc-0e42e1e06ed010238",
            "availability_zones": [
              "us-east-1b",
              "us-east-1c",
              "us-east-1d"
            ],
            "base_endpoint_dns_names": [
              "vpce-svc-0e42e1e06ed010238.us-east-1.vpce.amazonaws.com"
            ],
            "filter": null,
            "id": "2478466011",
            "manages_vpc_endpoints": false,
            "owner": "355960138104",
            "private_dns_name": "",
            "private_dns_names": [],
            "region": "us-east-1",
            "service": null,
            "service_id": "vpce-svc-0e42e1e06ed010238",
            "service_name": "com.amazonaws.vpce.us-east-1.vpce-svc-0e42e1e06ed010238",
            "service_regions": null,
            "service_type": "Interface",
            "supported_ip_address_types": [
              "ipv4"
            ],
            "tags": {},
            "timeouts": null,
            "vpc_endpoint_policy_supported": false
          },
          "sensitive_attributes": [],
          "identity_schema_version": 0
        }
      ]
    },
    {
      "mode": "managed",
      "type": "aws_cloudwatch_log_group",
      "name": "kui",
      "provider": "provider[\"registry.terraform.io/hashicorp/aws\"]",
      "instances": [
        {
          "schema_version": 0,
          "attributes": {
            "arn": "arn:aws:logs:us-east-1:355262196527:log-group:/ecs/kafka-ui",
            "id": "/ecs/kafka-ui",
            "kms_key_id": "",
            "log_group_class": "STANDARD",
            "name": "/ecs/kafka-ui",
            "name_prefix": "",
            "retention_in_days": 3,
            "skip_destroy": false,
            "tags": {
              "ManagedBy": "terraform",
              "Project": "poc-msk",
              "ResourceGroup": "poc-msk"
            },
            "tags_all": {
              "ManagedBy": "terraform",
              "Project": "poc-msk",
              "ResourceGroup": "poc-msk"
            }
          },
          "sensitive_attributes": [],
          "identity_schema_version": 0,
          "private": "bnVsbA=="
        }
      ]
    },
    {
      "mode": "managed",
      "type": "aws_ecs_cluster",
      "name": "kui",
      "provider": "provider[\"registry.terraform.io/hashicorp/aws\"]",
      "instances": [
        {
          "schema_version": 0,
          "attributes": {
            "arn": "arn:aws:ecs:us-east-1:355262196527:cluster/ecs-kafka-ui",
            "configuration": [],
            "id": "arn:aws:ecs:us-east-1:355262196527:cluster/ecs-kafka-ui",
            "name": "ecs-kafka-ui",
            "service_connect_defaults": [],
            "setting": [
              {
                "name": "containerInsights",
                "value": "disabled"
              }
            ],
            "tags": {
              "ManagedBy": "terraform",
              "Project": "poc-msk",
              "ResourceGroup": "poc-msk"
            },
            "tags_all": {
              "ManagedBy": "terraform",
              "Project": "poc-msk",
              "ResourceGroup": "poc-msk"
            }
          },
          "sensitive_attributes": [],
          "identity_schema_version": 0,
          "private": "bnVsbA=="
        }
      ]
    },
    {
      "mode": "managed",
      "type": "aws_ecs_service",
      "name": "kui",
      "provider": "provider[\"registry.terraform.io/hashicorp/aws\"]",
      "instances": [
        {
          "schema_version": 1,
          "attributes": {
            "alarms": [],
            "availability_zone_rebalancing": "DISABLED",
            "capacity_provider_strategy": [],
            "cluster": "arn:aws:ecs:us-east-1:355262196527:cluster/ecs-kafka-ui",
            "deployment_circuit_breaker": [
              {
                "enable": false,
                "rollback": false
              }
            ],
            "deployment_controller": [
              {
                "type": "ECS"
              }
            ],
            "deployment_maximum_percent": 200,
            "deployment_minimum_healthy_percent": 100,
            "desired_count": 1,
            "enable_ecs_managed_tags": false,
            "enable_execute_command": false,
            "force_delete": null,
            "force_new_deployment": null,
            "health_check_grace_period_seconds": 0,
            "iam_role": "/aws-service-role/ecs.amazonaws.com/AWSServiceRoleForECS",
            "id": "arn:aws:ecs:us-east-1:355262196527:service/ecs-kafka-ui/svc-kafka-ui",
            "launch_type": "FARGATE",
            "load_balancer": [
              {
                "container_name": "kafka-ui",
                "container_port": 8080,
                "elb_name": "",
                "target_group_arn": "arn:aws:elasticloadbalancing:us-east-1:355262196527:targetgroup/tg-kafka-ui/c7a41c5fff67da1a"
              }
            ],
            "name": "svc-kafka-ui",
            "network_configuration": [
              {
                "assign_public_ip": false,
                "security_groups": [
                  "sg-0eda379e4376a91b0"
                ],
                "subnets": [
                  "subnet-047fd33944f88aa5f",
                  "subnet-065c1758bfd9cfb8b"
                ]
              }
            ],
            "ordered_placement_strategy": [],
            "placement_constraints": [],
            "platform_version": "LATEST",
            "propagate_tags": "NONE",
            "scheduling_strategy": "REPLICA",
            "service_connect_configuration": [],
            "service_registries": [],
            "tags": {
              "ManagedBy": "terraform",
              "Project": "poc-msk",
              "ResourceGroup": "poc-msk"
            },
            "tags_all": {
              "ManagedBy": "terraform",
              "Project": "poc-msk",
              "ResourceGroup": "poc-msk"
            },
            "task_definition": "arn:aws:ecs:us-east-1:355262196527:task-definition/kafka-ui:2",
            "timeouts": null,
            "triggers": {},
            "volume_configuration": [],
            "vpc_lattice_configurations": [],
            "wait_for_steady_state": false
          },
          "sensitive_attributes": [],
          "identity_schema_version": 0,
          "private": "eyJlMmJmYjczMC1lY2FhLTExZTYtOGY4OC0zNDM2M2JjN2M0YzAiOnsiY3JlYXRlIjoxMjAwMDAwMDAwMDAwLCJkZWxldGUiOjEyMDAwMDAwMDAwMDAsInVwZGF0ZSI6MTIwMDAwMDAwMDAwMH0sInNjaGVtYV92ZXJzaW9uIjoiMSJ9",
          "dependencies": [
            "aws_ecs_cluster.kui",
            "aws_ecs_task_definition.kui",
            "aws_iam_role.ecs_exec",
            "aws_lb.kui",
            "aws_lb_listener.kui_http",
            "aws_lb_target_group.kui",
            "aws_msk_cluster.this",
            "aws_msk_configuration.cluster_cfg",
            "aws_security_group.connect_like",
            "aws_security_group.kui_alb",
            "aws_security_group.kui_task",
            "aws_security_group.msk",
            "aws_security_group_rule.msk_from_kui_ingress",
            "data.aws_availability_zones.available",
            "module.vpc.aws_subnet.private",
            "module.vpc.aws_subnet.public",
            "module.vpc.aws_vpc.this",
            "module.vpc.aws_vpc_ipv4_cidr_block_association.this"
          ]
        }
      ]
    },
    {
      "mode": "managed",
      "type": "aws_ecs_task_definition",
      "name": "kui",
      "provider": "provider[\"registry.terraform.io/hashicorp/aws\"]",
      "instances": [
        {
          "schema_version": 1,
          "attributes": {
            "arn": "arn:aws:ecs:us-east-1:355262196527:task-definition/kafka-ui:2",
            "arn_without_revision": "arn:aws:ecs:us-east-1:355262196527:task-definition/kafka-ui",
            "container_definitions": "[{\"environment\":[{\"name\":\"KAFKA_CLUSTERS_0_BOOTSTRAPSERVERS\",\"value\":\"b-1.pocmsk.9akshv.c10.kafka.us-east-1.amazonaws.com:9094,b-2.pocmsk.9akshv.c10.kafka.us-east-1.amazonaws.com:9094\"},{\"name\":\"KAFKA_CLUSTERS_0_NAME\",\"value\":\"poc-msk\"},{\"name\":\"KAFKA_CLUSTERS_0_PROPERTIES_SECURITY_PROTOCOL\",\"value\":\"SSL\"},{\"name\":\"KAFKA_CLUSTERS_0_PROPERTIES_SSL_ENDPOINT_IDENTIFICATION_ALGORITHM\",\"value\":\"\"},{\"name\":\"SERVER_PORT\",\"value\":\"8080\"}],\"essential\":true,\"image\":\"provectuslabs/kafka-ui:latest\",\"logConfiguration\":{\"logDriver\":\"awslogs\",\"options\":{\"awslogs-group\":\"/ecs/kafka-ui\",\"awslogs-region\":\"us-east-1\",\"awslogs-stream-prefix\":\"ecs\"}},\"mountPoints\":[],\"name\":\"kafka-ui\",\"portMappings\":[{\"containerPort\":8080,\"hostPort\":8080,\"protocol\":\"tcp\"}],\"systemControls\":[],\"volumesFrom\":[]}]",
            "cpu": "256",
            "enable_fault_injection": false,
            "ephemeral_storage": [],
            "execution_role_arn": "arn:aws:iam::355262196527:role/ecsTaskExecutionRole-kafka-ui",
            "family": "kafka-ui",
            "id": "kafka-ui",
            "inference_accelerator": [],
            "ipc_mode": "",
            "memory": "512",
            "network_mode": "awsvpc",
            "pid_mode": "",
            "placement_constraints": [],
            "proxy_configuration": [],
            "requires_compatibilities": [
              "FARGATE"
            ],
            "revision": 2,
            "runtime_platform": [],
            "skip_destroy": false,
            "tags": {
              "ManagedBy": "terraform",
              "Project": "poc-msk",
              "ResourceGroup": "poc-msk"
            },
            "tags_all": {
              "ManagedBy": "terraform",
              "Project": "poc-msk",
              "ResourceGroup": "poc-msk"
            },
            "task_role_arn": "",
            "track_latest": false,
            "volume": []
          },
          "sensitive_attributes": [],
          "identity_schema_version": 0,
          "private": "eyJzY2hlbWFfdmVyc2lvbiI6IjEifQ==",
          "dependencies": [
            "aws_iam_role.ecs_exec",
            "aws_msk_cluster.this",
            "aws_msk_configuration.cluster_cfg",
            "aws_security_group.connect_like",
            "aws_security_group.msk",
            "data.aws_availability_zones.available",
            "module.vpc.aws_subnet.private",
            "module.vpc.aws_vpc.this",
            "module.vpc.aws_vpc_ipv4_cidr_block_association.this"
          ]
        }
      ]
    },
    {
      "mode": "managed",
      "type": "aws_iam_instance_profile",
      "name": "ec2_ssm_profile",
      "provider": "provider[\"registry.terraform.io/hashicorp/aws\"]",
      "instances": [
        {
          "schema_version": 0,
          "attributes": {
            "arn": "arn:aws:iam::355262196527:instance-profile/poc-msk-client-ssm-profile",
            "create_date": "2025-09-02T10:43:15Z",
            "id": "poc-msk-client-ssm-profile",
            "name": "poc-msk-client-ssm-profile",
            "name_prefix": "",
            "path": "/",
            "role": "poc-msk-client-ssm-role",
            "tags": {
              "ManagedBy": "terraform",
              "Project": "poc-msk",
              "ResourceGroup": "poc-msk"
            },
            "tags_all": {
              "ManagedBy": "terraform",
              "Project": "poc-msk",
              "ResourceGroup": "poc-msk"
            },
            "unique_id": "AIPAVFN2G5MXRYJ4ZGN2C"
          },
          "sensitive_attributes": [],
          "identity_schema_version": 0,
          "private": "bnVsbA==",
          "dependencies": [
            "aws_iam_role.ec2_ssm"
          ]
        }
      ]
    },
    {
      "mode": "managed",
      "type": "aws_iam_role",
      "name": "ec2_ssm",
      "provider": "provider[\"registry.terraform.io/hashicorp/aws\"]",
      "instances": [
        {
          "schema_version": 0,
          "attributes": {
            "arn": "arn:aws:iam::355262196527:role/poc-msk-client-ssm-role",
            "assume_role_policy": "{\"Statement\":[{\"Action\":\"sts:AssumeRole\",\"Effect\":\"Allow\",\"Principal\":{\"Service\":\"ec2.amazonaws.com\"}}],\"Version\":\"2012-10-17\"}",
            "create_date": "2025-09-02T10:43:14Z",
            "description": "",
            "force_detach_policies": false,
            "id": "poc-msk-client-ssm-role",
            "inline_policy": [],
            "managed_policy_arns": [
              "arn:aws:iam::aws:policy/AmazonSSMManagedInstanceCore"
            ],
            "max_session_duration": 3600,
            "name": "poc-msk-client-ssm-role",
            "name_prefix": "",
            "path": "/",
            "permissions_boundary": "",
            "tags": {
              "ManagedBy": "terraform",
              "Project": "poc-msk",
              "ResourceGroup": "poc-msk"
            },
            "tags_all": {
              "ManagedBy": "terraform",
              "Project": "poc-msk",
              "ResourceGroup": "poc-msk"
            },
            "unique_id": "AROAVFN2G5MXQS7LSLHSU"
          },
          "sensitive_attributes": [],
          "identity_schema_version": 0,
          "private": "bnVsbA=="
        }
      ]
    },
    {
      "mode": "managed",
      "type": "aws_iam_role",
      "name": "ecs_exec",
      "provider": "provider[\"registry.terraform.io/hashicorp/aws\"]",
      "instances": [
        {
          "schema_version": 0,
          "attributes": {
            "arn": "arn:aws:iam::355262196527:role/ecsTaskExecutionRole-kafka-ui",
            "assume_role_policy": "{\"Statement\":[{\"Action\":\"sts:AssumeRole\",\"Effect\":\"Allow\",\"Principal\":{\"Service\":\"ecs-tasks.amazonaws.com\"}}],\"Version\":\"2012-10-17\"}",
            "create_date": "2025-09-02T23:57:10Z",
            "description": "",
            "force_detach_policies": false,
            "id": "ecsTaskExecutionRole-kafka-ui",
            "inline_policy": [],
            "managed_policy_arns": [
              "arn:aws:iam::aws:policy/service-role/AmazonECSTaskExecutionRolePolicy"
            ],
            "max_session_duration": 3600,
            "name": "ecsTaskExecutionRole-kafka-ui",
            "name_prefix": "",
            "path": "/",
            "permissions_boundary": "",
            "tags": {
              "ManagedBy": "terraform",
              "Project": "poc-msk",
              "ResourceGroup": "poc-msk"
            },
            "tags_all": {
              "ManagedBy": "terraform",
              "Project": "poc-msk",
              "ResourceGroup": "poc-msk"
            },
            "unique_id": "AROAVFN2G5MX3SLRNNHT7"
          },
          "sensitive_attributes": [],
          "identity_schema_version": 0,
          "private": "bnVsbA=="
        }
      ]
    },
    {
      "mode": "managed",
      "type": "aws_iam_role_policy_attachment",
      "name": "ec2_ssm_attach",
      "provider": "provider[\"registry.terraform.io/hashicorp/aws\"]",
      "instances": [
        {
          "schema_version": 0,
          "attributes": {
            "id": "poc-msk-client-ssm-role-20250902104315074000000001",
            "policy_arn": "arn:aws:iam::aws:policy/AmazonSSMManagedInstanceCore",
            "role": "poc-msk-client-ssm-role"
          },
          "sensitive_attributes": [],
          "identity_schema_version": 0,
          "private": "bnVsbA==",
          "dependencies": [
            "aws_iam_role.ec2_ssm"
          ]
        }
      ]
    },
    {
      "mode": "managed",
      "type": "aws_iam_role_policy_attachment",
      "name": "ecs_exec_attach",
      "provider": "provider[\"registry.terraform.io/hashicorp/aws\"]",
      "instances": [
        {
          "schema_version": 0,
          "attributes": {
            "id": "ecsTaskExecutionRole-kafka-ui-20250902235711653600000001",
            "policy_arn": "arn:aws:iam::aws:policy/service-role/AmazonECSTaskExecutionRolePolicy",
            "role": "ecsTaskExecutionRole-kafka-ui"
          },
          "sensitive_attributes": [],
          "identity_schema_version": 0,
          "private": "bnVsbA==",
          "dependencies": [
            "aws_iam_role.ecs_exec"
          ]
        }
      ]
    },
    {
      "mode": "managed",
      "type": "aws_instance",
      "name": "client",
      "provider": "provider[\"registry.terraform.io/hashicorp/aws\"]",
      "instances": [
        {
          "schema_version": 1,
          "attributes": {
            "ami": "ami-0a19bcec6d2ec60fb",
            "arn": "arn:aws:ec2:us-east-1:355262196527:instance/i-084f0aeebcc2226d2",
            "associate_public_ip_address": false,
            "availability_zone": "us-east-1a",
            "capacity_reservation_specification": [
              {
                "capacity_reservation_preference": "open",
                "capacity_reservation_target": []
              }
            ],
            "cpu_core_count": 1,
            "cpu_options": [
              {
                "amd_sev_snp": "",
                "core_count": 1,
                "threads_per_core": 2
              }
            ],
            "cpu_threads_per_core": 2,
            "credit_specification": [
              {
                "cpu_credits": "unlimited"
              }
            ],
            "disable_api_stop": false,
            "disable_api_termination": false,
            "ebs_block_device": [],
            "ebs_optimized": false,
            "enable_primary_ipv6": null,
            "enclave_options": [
              {
                "enabled": false
              }
            ],
            "ephemeral_block_device": [],
            "get_password_data": false,
            "hibernation": false,
            "host_id": "",
            "host_resource_group_arn": null,
            "iam_instance_profile": "poc-msk-client-ssm-profile",
            "id": "i-084f0aeebcc2226d2",
            "instance_initiated_shutdown_behavior": "stop",
            "instance_lifecycle": "",
            "instance_market_options": [],
            "instance_state": "running",
            "instance_type": "t3.micro",
            "ipv6_address_count": 0,
            "ipv6_addresses": [],
            "key_name": "",
            "launch_template": [],
            "maintenance_options": [
              {
                "auto_recovery": "default"
              }
            ],
            "metadata_options": [
              {
                "http_endpoint": "enabled",
                "http_protocol_ipv6": "disabled",
                "http_put_response_hop_limit": 2,
                "http_tokens": "required",
                "instance_metadata_tags": "disabled"
              }
            ],
            "monitoring": false,
            "network_interface": [],
            "outpost_arn": "",
            "password_data": "",
            "placement_group": "",
            "placement_partition_number": 0,
            "primary_network_interface_id": "eni-043dc8ac2517f6752",
            "private_dns": "ip-10-40-11-82.ec2.internal",
            "private_dns_name_options": [
              {
                "enable_resource_name_dns_a_record": false,
                "enable_resource_name_dns_aaaa_record": false,
                "hostname_type": "ip-name"
              }
            ],
            "private_ip": "10.40.11.82",
            "public_dns": "",
            "public_ip": "",
            "root_block_device": [
              {
                "delete_on_termination": true,
                "device_name": "/dev/xvda",
                "encrypted": false,
                "iops": 3000,
                "kms_key_id": "",
                "tags": {
                  "ManagedBy": "terraform",
                  "Project": "poc-msk",
                  "ResourceGroup": "poc-msk"
                },
                "tags_all": {
                  "ManagedBy": "terraform",
                  "Project": "poc-msk",
                  "ResourceGroup": "poc-msk"
                },
                "throughput": 125,
                "volume_id": "vol-0bdf28ce50b1a4ff8",
                "volume_size": 2,
                "volume_type": "gp3"
              }
            ],
            "secondary_private_ips": [],
            "security_groups": [],
            "source_dest_check": true,
            "spot_instance_request_id": "",
            "subnet_id": "subnet-065c1758bfd9cfb8b",
            "tags": {
              "ManagedBy": "terraform",
              "Project": "poc-msk",
              "ResourceGroup": "poc-msk"
            },
            "tags_all": {
              "ManagedBy": "terraform",
              "Project": "poc-msk",
              "ResourceGroup": "poc-msk"
            },
            "tenancy": "default",
            "timeouts": null,
            "user_data": "578fd25192f159b4c04ae0b09a39d968e1376df9",
            "user_data_base64": null,
            "user_data_replace_on_change": false,
            "volume_tags": null,
            "vpc_security_group_ids": [
              "sg-04238a7f56657e478"
            ]
          },
          "sensitive_attributes": [],
          "identity_schema_version": 0,
          "private": "eyJlMmJmYjczMC1lY2FhLTExZTYtOGY4OC0zNDM2M2JjN2M0YzAiOnsiY3JlYXRlIjo2MDAwMDAwMDAwMDAsImRlbGV0ZSI6MTIwMDAwMDAwMDAwMCwicmVhZCI6OTAwMDAwMDAwMDAwLCJ1cGRhdGUiOjYwMDAwMDAwMDAwMH0sInNjaGVtYV92ZXJzaW9uIjoiMSJ9",
          "dependencies": [
            "aws_iam_instance_profile.ec2_ssm_profile",
            "aws_iam_role.ec2_ssm",
            "aws_security_group.connect_like",
            "data.aws_ami.al2023",
            "data.aws_availability_zones.available",
            "module.vpc.aws_subnet.private",
            "module.vpc.aws_vpc.this",
            "module.vpc.aws_vpc_ipv4_cidr_block_association.this"
          ]
        }
      ]
    },
    {
      "mode": "managed",
      "type": "aws_lb",
      "name": "kui",
      "provider": "provider[\"registry.terraform.io/hashicorp/aws\"]",
      "instances": [
        {
          "schema_version": 0,
          "attributes": {
            "access_logs": [
              {
                "bucket": "",
                "enabled": false,
                "prefix": ""
              }
            ],
            "arn": "arn:aws:elasticloadbalancing:us-east-1:355262196527:loadbalancer/app/alb-kafka-ui/984be9cec848b33b",
            "arn_suffix": "app/alb-kafka-ui/984be9cec848b33b",
            "client_keep_alive": 3600,
            "connection_logs": [
              {
                "bucket": "",
                "enabled": false,
                "prefix": ""
              }
            ],
            "customer_owned_ipv4_pool": "",
            "desync_mitigation_mode": "defensive",
            "dns_name": "alb-kafka-ui-1087979592.us-east-1.elb.amazonaws.com",
            "dns_record_client_routing_policy": null,
            "drop_invalid_header_fields": false,
            "enable_cross_zone_load_balancing": true,
            "enable_deletion_protection": false,
            "enable_http2": true,
            "enable_tls_version_and_cipher_suite_headers": false,
            "enable_waf_fail_open": false,
            "enable_xff_client_port": false,
            "enable_zonal_shift": false,
            "enforce_security_group_inbound_rules_on_private_link_traffic": "",
            "id": "arn:aws:elasticloadbalancing:us-east-1:355262196527:loadbalancer/app/alb-kafka-ui/984be9cec848b33b",
            "idle_timeout": 60,
            "internal": false,
            "ip_address_type": "ipv4",
            "ipam_pools": [],
            "load_balancer_type": "application",
            "minimum_load_balancer_capacity": [],
            "name": "alb-kafka-ui",
            "name_prefix": "",
            "preserve_host_header": false,
            "security_groups": [
              "sg-0b455fa77ad2f5153"
            ],
            "subnet_mapping": [
              {
                "allocation_id": "",
                "ipv6_address": "",
                "outpost_id": "",
                "private_ipv4_address": "",
                "subnet_id": "subnet-04d9373a91ee874cf"
              },
              {
                "allocation_id": "",
                "ipv6_address": "",
                "outpost_id": "",
                "private_ipv4_address": "",
                "subnet_id": "subnet-0f9908f6df7b85a63"
              }
            ],
            "subnets": [
              "subnet-04d9373a91ee874cf",
              "subnet-0f9908f6df7b85a63"
            ],
            "tags": {
              "ManagedBy": "terraform",
              "Project": "poc-msk",
              "ResourceGroup": "poc-msk"
            },
            "tags_all": {
              "ManagedBy": "terraform",
              "Project": "poc-msk",
              "ResourceGroup": "poc-msk"
            },
            "timeouts": null,
            "vpc_id": "vpc-01308898bef81845c",
            "xff_header_processing_mode": "append",
            "zone_id": "Z35SXDOTRQ7X7K"
          },
          "sensitive_attributes": [],
          "identity_schema_version": 0,
          "private": "eyJlMmJmYjczMC1lY2FhLTExZTYtOGY4OC0zNDM2M2JjN2M0YzAiOnsiY3JlYXRlIjo2MDAwMDAwMDAwMDAsImRlbGV0ZSI6NjAwMDAwMDAwMDAwLCJ1cGRhdGUiOjYwMDAwMDAwMDAwMH19",
          "dependencies": [
            "aws_security_group.kui_alb",
            "data.aws_availability_zones.available",
            "module.vpc.aws_subnet.public",
            "module.vpc.aws_vpc.this",
            "module.vpc.aws_vpc_ipv4_cidr_block_association.this"
          ]
        }
      ]
    },
    {
      "mode": "managed",
      "type": "aws_lb_listener",
      "name": "kui_http",
      "provider": "provider[\"registry.terraform.io/hashicorp/aws\"]",
      "instances": [
        {
          "schema_version": 0,
          "attributes": {
            "alpn_policy": null,
            "arn": "arn:aws:elasticloadbalancing:us-east-1:355262196527:listener/app/alb-kafka-ui/984be9cec848b33b/c59c118f9fe18b99",
            "certificate_arn": null,
            "default_action": [
              {
                "authenticate_cognito": [],
                "authenticate_oidc": [],
                "fixed_response": [],
                "forward": [],
                "order": 1,
                "redirect": [],
                "target_group_arn": "arn:aws:elasticloadbalancing:us-east-1:355262196527:targetgroup/tg-kafka-ui/c7a41c5fff67da1a",
                "type": "forward"
              }
            ],
            "id": "arn:aws:elasticloadbalancing:us-east-1:355262196527:listener/app/alb-kafka-ui/984be9cec848b33b/c59c118f9fe18b99",
            "load_balancer_arn": "arn:aws:elasticloadbalancing:us-east-1:355262196527:loadbalancer/app/alb-kafka-ui/984be9cec848b33b",
            "mutual_authentication": [],
            "port": 80,
            "protocol": "HTTP",
            "routing_http_request_x_amzn_mtls_clientcert_header_name": null,
            "routing_http_request_x_amzn_mtls_clientcert_issuer_header_name": null,
            "routing_http_request_x_amzn_mtls_clientcert_leaf_header_name": null,
            "routing_http_request_x_amzn_mtls_clientcert_serial_number_header_name": null,
            "routing_http_request_x_amzn_mtls_clientcert_subject_header_name": null,
            "routing_http_request_x_amzn_mtls_clientcert_validity_header_name": null,
            "routing_http_request_x_amzn_tls_cipher_suite_header_name": null,
            "routing_http_request_x_amzn_tls_version_header_name": null,
            "routing_http_response_access_control_allow_credentials_header_value": "",
            "routing_http_response_access_control_allow_headers_header_value": "",
            "routing_http_response_access_control_allow_methods_header_value": "",
            "routing_http_response_access_control_allow_origin_header_value": "",
            "routing_http_response_access_control_expose_headers_header_value": "",
            "routing_http_response_access_control_max_age_header_value": "",
            "routing_http_response_content_security_policy_header_value": "",
            "routing_http_response_server_enabled": true,
            "routing_http_response_strict_transport_security_header_value": "",
            "routing_http_response_x_content_type_options_header_value": "",
            "routing_http_response_x_frame_options_header_value": "",
            "ssl_policy": "",
            "tags": {},
            "tags_all": {
              "ManagedBy": "terraform",
              "Project": "poc-msk",
              "ResourceGroup": "poc-msk"
            },
            "tcp_idle_timeout_seconds": null,
            "timeouts": null
          },
          "sensitive_attributes": [],
          "identity_schema_version": 0,
          "private": "eyJlMmJmYjczMC1lY2FhLTExZTYtOGY4OC0zNDM2M2JjN2M0YzAiOnsiY3JlYXRlIjozMDAwMDAwMDAwMDAsInVwZGF0ZSI6MzAwMDAwMDAwMDAwfX0=",
          "dependencies": [
            "aws_lb.kui",
            "aws_lb_target_group.kui",
            "aws_security_group.kui_alb",
            "data.aws_availability_zones.available",
            "module.vpc.aws_subnet.public",
            "module.vpc.aws_vpc.this",
            "module.vpc.aws_vpc_ipv4_cidr_block_association.this"
          ]
        }
      ]
    },
    {
      "mode": "managed",
      "type": "aws_lb_target_group",
      "name": "kui",
      "provider": "provider[\"registry.terraform.io/hashicorp/aws\"]",
      "instances": [
        {
          "schema_version": 0,
          "attributes": {
            "arn": "arn:aws:elasticloadbalancing:us-east-1:355262196527:targetgroup/tg-kafka-ui/c7a41c5fff67da1a",
            "arn_suffix": "targetgroup/tg-kafka-ui/c7a41c5fff67da1a",
            "connection_termination": null,
            "deregistration_delay": "300",
            "health_check": [
              {
                "enabled": true,
                "healthy_threshold": 3,
                "interval": 30,
                "matcher": "200-399",
                "path": "/actuator/health",
                "port": "8080",
                "protocol": "HTTP",
                "timeout": 5,
                "unhealthy_threshold": 3
              }
            ],
            "id": "arn:aws:elasticloadbalancing:us-east-1:355262196527:targetgroup/tg-kafka-ui/c7a41c5fff67da1a",
            "ip_address_type": "ipv4",
            "lambda_multi_value_headers_enabled": false,
            "load_balancer_arns": [
              "arn:aws:elasticloadbalancing:us-east-1:355262196527:loadbalancer/app/alb-kafka-ui/984be9cec848b33b"
            ],
            "load_balancing_algorithm_type": "round_robin",
            "load_balancing_anomaly_mitigation": "off",
            "load_balancing_cross_zone_enabled": "use_load_balancer_configuration",
            "name": "tg-kafka-ui",
            "name_prefix": "",
            "port": 8080,
            "preserve_client_ip": null,
            "protocol": "HTTP",
            "protocol_version": "HTTP1",
            "proxy_protocol_v2": false,
            "slow_start": 0,
            "stickiness": [
              {
                "cookie_duration": 86400,
                "cookie_name": "",
                "enabled": false,
                "type": "lb_cookie"
              }
            ],
            "tags": {
              "ManagedBy": "terraform",
              "Project": "poc-msk",
              "ResourceGroup": "poc-msk"
            },
            "tags_all": {
              "ManagedBy": "terraform",
              "Project": "poc-msk",
              "ResourceGroup": "poc-msk"
            },
            "target_failover": [
              {
                "on_deregistration": null,
                "on_unhealthy": null
              }
            ],
            "target_group_health": [
              {
                "dns_failover": [
                  {
                    "minimum_healthy_targets_count": "1",
                    "minimum_healthy_targets_percentage": "off"
                  }
                ],
                "unhealthy_state_routing": [
                  {
                    "minimum_healthy_targets_count": 1,
                    "minimum_healthy_targets_percentage": "off"
                  }
                ]
              }
            ],
            "target_health_state": [
              {
                "enable_unhealthy_connection_termination": null,
                "unhealthy_draining_interval": null
              }
            ],
            "target_type": "ip",
            "vpc_id": "vpc-01308898bef81845c"
          },
          "sensitive_attributes": [],
          "identity_schema_version": 0,
          "private": "bnVsbA==",
          "dependencies": [
            "module.vpc.aws_vpc.this"
          ]
        }
      ]
    },
    {
      "mode": "managed",
      "type": "aws_msk_cluster",
      "name": "this",
      "provider": "provider[\"registry.terraform.io/hashicorp/aws\"]",
      "instances": [
        {
          "schema_version": 0,
          "attributes": {
            "arn": "arn:aws:kafka:us-east-1:355262196527:cluster/poc-msk/81fbb702-e22c-4ba4-8db1-e0dc7d6134d4-10",
            "bootstrap_brokers": "",
            "bootstrap_brokers_public_sasl_iam": "",
            "bootstrap_brokers_public_sasl_scram": "",
            "bootstrap_brokers_public_tls": "",
            "bootstrap_brokers_sasl_iam": "",
            "bootstrap_brokers_sasl_scram": "",
            "bootstrap_brokers_tls": "b-1.pocmsk.9akshv.c10.kafka.us-east-1.amazonaws.com:9094,b-2.pocmsk.9akshv.c10.kafka.us-east-1.amazonaws.com:9094",
            "bootstrap_brokers_vpc_connectivity_sasl_iam": "",
            "bootstrap_brokers_vpc_connectivity_sasl_scram": "",
            "bootstrap_brokers_vpc_connectivity_tls": "",
            "broker_node_group_info": [
              {
                "az_distribution": "DEFAULT",
                "client_subnets": [
                  "subnet-047fd33944f88aa5f",
                  "subnet-065c1758bfd9cfb8b"
                ],
                "connectivity_info": [
                  {
                    "public_access": [
                      {
                        "type": "DISABLED"
                      }
                    ],
                    "vpc_connectivity": [
                      {
                        "client_authentication": [
                          {
                            "sasl": [
                              {
                                "iam": false,
                                "scram": false
                              }
                            ],
                            "tls": false
                          }
                        ]
                      }
                    ]
                  }
                ],
                "instance_type": "kafka.m5.large",
                "security_groups": [
                  "sg-0ee97260fd68f89b3"
                ],
                "storage_info": [
                  {
                    "ebs_storage_info": [
                      {
                        "provisioned_throughput": [],
                        "volume_size": 1000
                      }
                    ]
                  }
                ]
              }
            ],
            "client_authentication": [],
            "cluster_name": "poc-msk",
            "cluster_uuid": "81fbb702-e22c-4ba4-8db1-e0dc7d6134d4-10",
            "configuration_info": [
              {
                "arn": "arn:aws:kafka:us-east-1:355262196527:configuration/poc-msk-config/e68e7532-6163-4026-bb96-24ebf2c88e15-10",
                "revision": 2
              }
            ],
            "current_version": "K1IM4EOPHS76S7",
            "encryption_info": [
              {
                "encryption_at_rest_kms_key_arn": "arn:aws:kms:us-east-1:355262196527:key/82e49b0f-d7a9-4afd-950c-ebc42d6dd596",
                "encryption_in_transit": [
                  {
                    "client_broker": "TLS",
                    "in_cluster": true
                  }
                ]
              }
            ],
            "enhanced_monitoring": "DEFAULT",
            "id": "arn:aws:kafka:us-east-1:355262196527:cluster/poc-msk/81fbb702-e22c-4ba4-8db1-e0dc7d6134d4-10",
            "kafka_version": "3.6.0",
            "logging_info": [],
            "number_of_broker_nodes": 2,
            "open_monitoring": [
              {
                "prometheus": [
                  {
                    "jmx_exporter": [
                      {
                        "enabled_in_broker": false
                      }
                    ],
                    "node_exporter": [
                      {
                        "enabled_in_broker": false
                      }
                    ]
                  }
                ]
              }
            ],
            "storage_mode": "LOCAL",
            "tags": {
              "ManagedBy": "terraform",
              "Project": "poc-msk",
              "ResourceGroup": "poc-msk"
            },
            "tags_all": {
              "ManagedBy": "terraform",
              "Project": "poc-msk",
              "ResourceGroup": "poc-msk"
            },
            "timeouts": null,
            "zookeeper_connect_string": "z-1.pocmsk.9akshv.c10.kafka.us-east-1.amazonaws.com:2181,z-2.pocmsk.9akshv.c10.kafka.us-east-1.amazonaws.com:2181,z-3.pocmsk.9akshv.c10.kafka.us-east-1.amazonaws.com:2181",
            "zookeeper_connect_string_tls": "z-1.pocmsk.9akshv.c10.kafka.us-east-1.amazonaws.com:2182,z-2.pocmsk.9akshv.c10.kafka.us-east-1.amazonaws.com:2182,z-3.pocmsk.9akshv.c10.kafka.us-east-1.amazonaws.com:2182"
          },
          "sensitive_attributes": [],
          "identity_schema_version": 0,
          "private": "eyJlMmJmYjczMC1lY2FhLTExZTYtOGY4OC0zNDM2M2JjN2M0YzAiOnsiY3JlYXRlIjo3MjAwMDAwMDAwMDAwLCJkZWxldGUiOjcyMDAwMDAwMDAwMDAsInVwZGF0ZSI6NzIwMDAwMDAwMDAwMH19",
          "dependencies": [
            "aws_msk_configuration.cluster_cfg",
            "aws_security_group.connect_like",
            "aws_security_group.msk",
            "data.aws_availability_zones.available",
            "module.vpc.aws_subnet.private",
            "module.vpc.aws_vpc.this",
            "module.vpc.aws_vpc_ipv4_cidr_block_association.this"
          ]
        }
      ]
    },
    {
      "mode": "managed",
      "type": "aws_msk_configuration",
      "name": "cluster_cfg",
      "provider": "provider[\"registry.terraform.io/hashicorp/aws\"]",
      "instances": [
        {
          "schema_version": 0,
          "attributes": {
            "arn": "arn:aws:kafka:us-east-1:355262196527:configuration/poc-msk-config/e68e7532-6163-4026-bb96-24ebf2c88e15-10",
            "description": "",
            "id": "arn:aws:kafka:us-east-1:355262196527:configuration/poc-msk-config/e68e7532-6163-4026-bb96-24ebf2c88e15-10",
            "kafka_versions": [
              "3.6.0"
            ],
            "latest_revision": 2,
            "name": "poc-msk-config",
            "server_properties": "auto.create.topics.enable=true\n# (opcional) defaults úteis p/ POC:\nnum.partitions=1\ndefault.replication.factor=2\nmin.insync.replicas=2\n# delete.topic.enable=true\n"
          },
          "sensitive_attributes": [],
          "identity_schema_version": 0,
          "private": "bnVsbA=="
        }
      ]
    },
    {
      "mode": "managed",
      "type": "aws_resourcegroups_group",
      "name": "poc",
      "provider": "provider[\"registry.terraform.io/hashicorp/aws\"]",
      "instances": [
        {
          "schema_version": 0,
          "attributes": {
            "arn": "arn:aws:resource-groups:us-east-1:355262196527:group/rg-poc-msk",
            "configuration": [],
            "description": "Todos os recursos do projeto poc-msk",
            "id": "rg-poc-msk",
            "name": "rg-poc-msk",
            "resource_query": [
              {
                "query": "{\"ResourceTypeFilters\":[\"AWS::AllSupported\"],\"TagFilters\":[{\"Key\":\"ResourceGroup\",\"Values\":[\"poc-msk\"]}]}",
                "type": "TAG_FILTERS_1_0"
              }
            ],
            "tags": {
              "ResourceGroup": "poc-msk"
            },
            "tags_all": {
              "ManagedBy": "terraform",
              "Project": "poc-msk",
              "ResourceGroup": "poc-msk"
            },
            "timeouts": null
          },
          "sensitive_attributes": [],
          "identity_schema_version": 0,
          "private": "eyJlMmJmYjczMC1lY2FhLTExZTYtOGY4OC0zNDM2M2JjN2M0YzAiOnsiY3JlYXRlIjo5MDAwMDAwMDAwMDAsInVwZGF0ZSI6OTAwMDAwMDAwMDAwfX0="
        }
      ]
    },
    {
      "mode": "managed",
      "type": "aws_route53_record",
      "name": "ess_cname",
      "provider": "provider[\"registry.terraform.io/hashicorp/aws\"]",
      "instances": [
        {
          "schema_version": 2,
          "attributes": {
            "alias": [],
            "allow_overwrite": null,
            "cidr_routing_policy": [],
            "failover_routing_policy": [],
            "fqdn": "*.vpce.us-east-1.aws.elastic-cloud.com",
            "geolocation_routing_policy": [],
            "geoproximity_routing_policy": [],
            "health_check_id": "",
            "id": "Z0213426W9EFZYCGHIYW_*_CNAME",
            "latency_routing_policy": [],
            "multivalue_answer_routing_policy": false,
            "name": "*",
            "records": [
              "vpce-0d4a684b5a0b872d8-3jatsyi2.vpce-svc-0e42e1e06ed010238.us-east-1.vpce.amazonaws.com"
            ],
            "set_identifier": "",
            "timeouts": null,
            "ttl": 60,
            "type": "CNAME",
            "weighted_routing_policy": [],
            "zone_id": "Z0213426W9EFZYCGHIYW"
          },
          "sensitive_attributes": [],
          "identity_schema_version": 0,
          "private": "eyJlMmJmYjczMC1lY2FhLTExZTYtOGY4OC0zNDM2M2JjN2M0YzAiOnsiY3JlYXRlIjoxODAwMDAwMDAwMDAwLCJkZWxldGUiOjE4MDAwMDAwMDAwMDAsInVwZGF0ZSI6MTgwMDAwMDAwMDAwMH0sInNjaGVtYV92ZXJzaW9uIjoiMiJ9",
          "dependencies": [
            "aws_route53_zone.ess_vpce",
            "aws_security_group.connect_like",
            "aws_security_group.msk",
            "aws_security_group.privatelink",
            "aws_vpc_endpoint.elastic_privatelink",
            "data.aws_availability_zones.available",
            "data.aws_subnet.private",
            "data.aws_vpc_endpoint_service.elastic",
            "module.vpc.aws_subnet.private",
            "module.vpc.aws_vpc.this",
            "module.vpc.aws_vpc_ipv4_cidr_block_association.this"
          ]
        }
      ]
    },
    {
      "mode": "managed",
      "type": "aws_route53_zone",
      "name": "ess_vpce",
      "provider": "provider[\"registry.terraform.io/hashicorp/aws\"]",
      "instances": [
        {
          "schema_version": 0,
          "attributes": {
            "arn": "arn:aws:route53:::hostedzone/Z0213426W9EFZYCGHIYW",
            "comment": "Private hosted zone for Elastic Cloud PrivateLink",
            "delegation_set_id": "",
            "force_destroy": false,
            "id": "Z0213426W9EFZYCGHIYW",
            "name": "vpce.us-east-1.aws.elastic-cloud.com",
            "name_servers": [
              "ns-0.awsdns-00.com.",
              "ns-1024.awsdns-00.org.",
              "ns-1536.awsdns-00.co.uk.",
              "ns-512.awsdns-00.net."
            ],
            "primary_name_server": "ns-0.awsdns-00.com.",
            "tags": {},
            "tags_all": {
              "ManagedBy": "terraform",
              "Project": "poc-msk",
              "ResourceGroup": "poc-msk"
            },
            "timeouts": null,
            "vpc": [
              {
                "vpc_id": "vpc-01308898bef81845c",
                "vpc_region": "us-east-1"
              }
            ],
            "zone_id": "Z0213426W9EFZYCGHIYW"
          },
          "sensitive_attributes": [],
          "identity_schema_version": 0,
          "private": "eyJlMmJmYjczMC1lY2FhLTExZTYtOGY4OC0zNDM2M2JjN2M0YzAiOnsiY3JlYXRlIjoxODAwMDAwMDAwMDAwLCJkZWxldGUiOjE4MDAwMDAwMDAwMDAsInVwZGF0ZSI6MTgwMDAwMDAwMDAwMH19",
          "dependencies": [
            "module.vpc.aws_vpc.this"
          ]
        }
      ]
    },
    {
      "mode": "managed",
      "type": "aws_security_group",
      "name": "connect_like",
      "provider": "provider[\"registry.terraform.io/hashicorp/aws\"]",
      "instances": [
        {
          "schema_version": 1,
          "attributes": {
            "arn": "arn:aws:ec2:us-east-1:355262196527:security-group/sg-04238a7f56657e478",
            "description": "Managed by Terraform",
            "egress": [
              {
                "cidr_blocks": [
                  "0.0.0.0/0"
                ],
                "description": "",
                "from_port": 0,
                "ipv6_cidr_blocks": [],
                "prefix_list_ids": [],
                "protocol": "-1",
                "security_groups": [],
                "self": false,
                "to_port": 0
              }
            ],
            "id": "sg-04238a7f56657e478",
            "ingress": [],
            "name": "secGroup-connect-like",
            "name_prefix": "",
            "owner_id": "355262196527",
            "revoke_rules_on_delete": false,
            "tags": {
              "ManagedBy": "terraform",
              "Project": "poc-msk",
              "ResourceGroup": "poc-msk"
            },
            "tags_all": {
              "ManagedBy": "terraform",
              "Project": "poc-msk",
              "ResourceGroup": "poc-msk"
            },
            "timeouts": null,
            "vpc_id": "vpc-01308898bef81845c"
          },
          "sensitive_attributes": [],
          "identity_schema_version": 0,
          "private": "eyJlMmJmYjczMC1lY2FhLTExZTYtOGY4OC0zNDM2M2JjN2M0YzAiOnsiY3JlYXRlIjo2MDAwMDAwMDAwMDAsImRlbGV0ZSI6OTAwMDAwMDAwMDAwfSwic2NoZW1hX3ZlcnNpb24iOiIxIn0=",
          "dependencies": [
            "module.vpc.aws_vpc.this"
          ]
        }
      ]
    },
    {
      "mode": "managed",
      "type": "aws_security_group",
      "name": "kui_alb",
      "provider": "provider[\"registry.terraform.io/hashicorp/aws\"]",
      "instances": [
        {
          "schema_version": 1,
          "attributes": {
            "arn": "arn:aws:ec2:us-east-1:355262196527:security-group/sg-0b455fa77ad2f5153",
            "description": "Managed by Terraform",
            "egress": [
              {
                "cidr_blocks": [
                  "0.0.0.0/0"
                ],
                "description": "",
                "from_port": 0,
                "ipv6_cidr_blocks": [],
                "prefix_list_ids": [],
                "protocol": "-1",
                "security_groups": [],
                "self": false,
                "to_port": 0
              }
            ],
            "id": "sg-0b455fa77ad2f5153",
            "ingress": [
              {
                "cidr_blocks": [
                  "191.53.178.49/32"
                ],
                "description": "HTTP from my IP",
                "from_port": 80,
                "ipv6_cidr_blocks": [],
                "prefix_list_ids": [],
                "protocol": "tcp",
                "security_groups": [],
                "self": false,
                "to_port": 80
              }
            ],
            "name": "secGroup-kafka-ui-alb",
            "name_prefix": "",
            "owner_id": "355262196527",
            "revoke_rules_on_delete": false,
            "tags": {
              "ManagedBy": "terraform",
              "Project": "poc-msk",
              "ResourceGroup": "poc-msk"
            },
            "tags_all": {
              "ManagedBy": "terraform",
              "Project": "poc-msk",
              "ResourceGroup": "poc-msk"
            },
            "timeouts": null,
            "vpc_id": "vpc-01308898bef81845c"
          },
          "sensitive_attributes": [],
          "identity_schema_version": 0,
          "private": "eyJlMmJmYjczMC1lY2FhLTExZTYtOGY4OC0zNDM2M2JjN2M0YzAiOnsiY3JlYXRlIjo2MDAwMDAwMDAwMDAsImRlbGV0ZSI6OTAwMDAwMDAwMDAwfSwic2NoZW1hX3ZlcnNpb24iOiIxIn0=",
          "dependencies": [
            "module.vpc.aws_vpc.this"
          ]
        }
      ]
    },
    {
      "mode": "managed",
      "type": "aws_security_group",
      "name": "kui_task",
      "provider": "provider[\"registry.terraform.io/hashicorp/aws\"]",
      "instances": [
        {
          "schema_version": 1,
          "attributes": {
            "arn": "arn:aws:ec2:us-east-1:355262196527:security-group/sg-0eda379e4376a91b0",
            "description": "Managed by Terraform",
            "egress": [
              {
                "cidr_blocks": [
                  "0.0.0.0/0"
                ],
                "description": "",
                "from_port": 0,
                "ipv6_cidr_blocks": [],
                "prefix_list_ids": [],
                "protocol": "-1",
                "security_groups": [],
                "self": false,
                "to_port": 0
              }
            ],
            "id": "sg-0eda379e4376a91b0",
            "ingress": [
              {
                "cidr_blocks": [],
                "description": "From ALB on 8080",
                "from_port": 8080,
                "ipv6_cidr_blocks": [],
                "prefix_list_ids": [],
                "protocol": "tcp",
                "security_groups": [
                  "sg-0b455fa77ad2f5153"
                ],
                "self": false,
                "to_port": 8080
              }
            ],
            "name": "secGroup-kafka-ui-task",
            "name_prefix": "",
            "owner_id": "355262196527",
            "revoke_rules_on_delete": false,
            "tags": {
              "ManagedBy": "terraform",
              "Project": "poc-msk",
              "ResourceGroup": "poc-msk"
            },
            "tags_all": {
              "ManagedBy": "terraform",
              "Project": "poc-msk",
              "ResourceGroup": "poc-msk"
            },
            "timeouts": null,
            "vpc_id": "vpc-01308898bef81845c"
          },
          "sensitive_attributes": [],
          "identity_schema_version": 0,
          "private": "eyJlMmJmYjczMC1lY2FhLTExZTYtOGY4OC0zNDM2M2JjN2M0YzAiOnsiY3JlYXRlIjo2MDAwMDAwMDAwMDAsImRlbGV0ZSI6OTAwMDAwMDAwMDAwfSwic2NoZW1hX3ZlcnNpb24iOiIxIn0=",
          "dependencies": [
            "aws_security_group.kui_alb",
            "module.vpc.aws_vpc.this"
          ]
        }
      ]
    },
    {
      "mode": "managed",
      "type": "aws_security_group",
      "name": "msk",
      "provider": "provider[\"registry.terraform.io/hashicorp/aws\"]",
      "instances": [
        {
          "schema_version": 1,
          "attributes": {
            "arn": "arn:aws:ec2:us-east-1:355262196527:security-group/sg-0ee97260fd68f89b3",
            "description": "Managed by Terraform",
            "egress": [
              {
                "cidr_blocks": [
                  "0.0.0.0/0"
                ],
                "description": "",
                "from_port": 0,
                "ipv6_cidr_blocks": [],
                "prefix_list_ids": [],
                "protocol": "-1",
                "security_groups": [],
                "self": false,
                "to_port": 0
              }
            ],
            "id": "sg-0ee97260fd68f89b3",
            "ingress": [
              {
                "cidr_blocks": [],
                "description": "Kafka TLS from testing / connect",
                "from_port": 9094,
                "ipv6_cidr_blocks": [],
                "prefix_list_ids": [],
                "protocol": "tcp",
                "security_groups": [
                  "sg-04238a7f56657e478"
                ],
                "self": false,
                "to_port": 9094
              }
            ],
            "name": "secGroup-msk",
            "name_prefix": "",
            "owner_id": "355262196527",
            "revoke_rules_on_delete": false,
            "tags": {
              "ManagedBy": "terraform",
              "Project": "poc-msk",
              "ResourceGroup": "poc-msk"
            },
            "tags_all": {
              "ManagedBy": "terraform",
              "Project": "poc-msk",
              "ResourceGroup": "poc-msk"
            },
            "timeouts": null,
            "vpc_id": "vpc-01308898bef81845c"
          },
          "sensitive_attributes": [],
          "identity_schema_version": 0,
          "private": "eyJlMmJmYjczMC1lY2FhLTExZTYtOGY4OC0zNDM2M2JjN2M0YzAiOnsiY3JlYXRlIjo2MDAwMDAwMDAwMDAsImRlbGV0ZSI6OTAwMDAwMDAwMDAwfSwic2NoZW1hX3ZlcnNpb24iOiIxIn0=",
          "dependencies": [
            "aws_security_group.connect_like",
            "module.vpc.aws_vpc.this"
          ]
        }
      ]
    },
    {
      "mode": "managed",
      "type": "aws_security_group",
      "name": "privatelink",
      "provider": "provider[\"registry.terraform.io/hashicorp/aws\"]",
      "instances": [
        {
          "schema_version": 1,
          "attributes": {
            "arn": "arn:aws:ec2:us-east-1:355262196527:security-group/sg-0f0759aae3de4a729",
            "description": "SG para o VPC Endpoint (Elastic PrivateLink)",
            "egress": [
              {
                "cidr_blocks": [
                  "0.0.0.0/0"
                ],
                "description": "",
                "from_port": 0,
                "ipv6_cidr_blocks": [],
                "prefix_list_ids": [],
                "protocol": "-1",
                "security_groups": [],
                "self": false,
                "to_port": 0
              }
            ],
            "id": "sg-0f0759aae3de4a729",
            "ingress": [
              {
                "cidr_blocks": [
                  "10.40.0.0/16"
                ],
                "description": "",
                "from_port": 443,
                "ipv6_cidr_blocks": [],
                "prefix_list_ids": [],
                "protocol": "tcp",
                "security_groups": [],
                "self": false,
                "to_port": 443
              },
              {
                "cidr_blocks": [
                  "10.40.0.0/16"
                ],
                "description": "",
                "from_port": 9243,
                "ipv6_cidr_blocks": [],
                "prefix_list_ids": [],
                "protocol": "tcp",
                "security_groups": [],
                "self": false,
                "to_port": 9243
              }
            ],
            "name": "secGroup-ess-privatelink",
            "name_prefix": "",
            "owner_id": "355262196527",
            "revoke_rules_on_delete": false,
            "tags": {
              "ManagedBy": "terraform",
              "Project": "poc-msk",
              "ResourceGroup": "poc-msk"
            },
            "tags_all": {
              "ManagedBy": "terraform",
              "Project": "poc-msk",
              "ResourceGroup": "poc-msk"
            },
            "timeouts": null,
            "vpc_id": "vpc-01308898bef81845c"
          },
          "sensitive_attributes": [],
          "identity_schema_version": 0,
          "private": "eyJlMmJmYjczMC1lY2FhLTExZTYtOGY4OC0zNDM2M2JjN2M0YzAiOnsiY3JlYXRlIjo2MDAwMDAwMDAwMDAsImRlbGV0ZSI6OTAwMDAwMDAwMDAwfSwic2NoZW1hX3ZlcnNpb24iOiIxIn0=",
          "dependencies": [
            "module.vpc.aws_vpc.this"
          ]
        }
      ]
    },
    {
      "mode": "managed",
      "type": "aws_security_group_rule",
      "name": "msk_from_kui_ingress",
      "provider": "provider[\"registry.terraform.io/hashicorp/aws\"]",
      "instances": [
        {
          "schema_version": 2,
          "attributes": {
            "cidr_blocks": null,
            "description": "Kafka TLS from Kafka-UI task (ingress)",
            "from_port": 9094,
            "id": "sgrule-1982024096",
            "ipv6_cidr_blocks": null,
            "prefix_list_ids": null,
            "protocol": "tcp",
            "security_group_id": "sg-0ee97260fd68f89b3",
            "security_group_rule_id": "sgr-00f0e17b1de8beb12",
            "self": false,
            "source_security_group_id": "sg-0eda379e4376a91b0",
            "timeouts": null,
            "to_port": 9094,
            "type": "ingress"
          },
          "sensitive_attributes": [],
          "identity_schema_version": 0,
          "private": "eyJlMmJmYjczMC1lY2FhLTExZTYtOGY4OC0zNDM2M2JjN2M0YzAiOnsiY3JlYXRlIjozMDAwMDAwMDAwMDB9LCJzY2hlbWFfdmVyc2lvbiI6IjIifQ==",
          "dependencies": [
            "aws_security_group.connect_like",
            "aws_security_group.kui_alb",
            "aws_security_group.kui_task",
            "aws_security_group.msk",
            "module.vpc.aws_vpc.this"
          ]
        }
      ]
    },
    {
      "mode": "managed",
      "type": "aws_vpc_endpoint",
      "name": "elastic_privatelink",
      "provider": "provider[\"registry.terraform.io/hashicorp/aws\"]",
      "instances": [
        {
          "schema_version": 0,
          "attributes": {
            "arn": "arn:aws:ec2:us-east-1:355262196527:vpc-endpoint/vpce-0d4a684b5a0b872d8",
            "auto_accept": null,
            "cidr_blocks": [],
            "dns_entry": [
              {
                "dns_name": "vpce-0d4a684b5a0b872d8-3jatsyi2.vpce-svc-0e42e1e06ed010238.us-east-1.vpce.amazonaws.com",
                "hosted_zone_id": "Z7HUB22UULQXV"
              },
              {
                "dns_name": "vpce-0d4a684b5a0b872d8-3jatsyi2-us-east-1b.vpce-svc-0e42e1e06ed010238.us-east-1.vpce.amazonaws.com",
                "hosted_zone_id": "Z7HUB22UULQXV"
              }
            ],
            "dns_options": [
              {
                "dns_record_ip_type": "ipv4",
                "private_dns_only_for_inbound_resolver_endpoint": false
              }
            ],
            "id": "vpce-0d4a684b5a0b872d8",
            "ip_address_type": "ipv4",
            "network_interface_ids": [
              "eni-033635e8e548bd231"
            ],
            "owner_id": "355262196527",
            "policy": "{\"Statement\":[{\"Action\":\"*\",\"Effect\":\"Allow\",\"Principal\":\"*\",\"Resource\":\"*\"}]}",
            "prefix_list_id": null,
            "private_dns_enabled": false,
            "requester_managed": false,
            "resource_configuration_arn": "",
            "route_table_ids": [],
            "security_group_ids": [
              "sg-04238a7f56657e478",
              "sg-0ee97260fd68f89b3",
              "sg-0f0759aae3de4a729"
            ],
            "service_name": "com.amazonaws.vpce.us-east-1.vpce-svc-0e42e1e06ed010238",
            "service_network_arn": "",
            "service_region": "us-east-1",
            "state": "available",
            "subnet_configuration": [
              {
                "ipv4": "10.40.12.78",
                "ipv6": "",
                "subnet_id": "subnet-047fd33944f88aa5f"
              }
            ],
            "subnet_ids": [
              "subnet-047fd33944f88aa5f"
            ],
            "tags": {
              "ManagedBy": "terraform",
              "Project": "poc-msk",
              "ResourceGroup": "poc-msk"
            },
            "tags_all": {
              "ManagedBy": "terraform",
              "Project": "poc-msk",
              "ResourceGroup": "poc-msk"
            },
            "timeouts": null,
            "vpc_endpoint_type": "Interface",
            "vpc_id": "vpc-01308898bef81845c"
          },
          "sensitive_attributes": [],
          "identity_schema_version": 0,
          "private": "eyJlMmJmYjczMC1lY2FhLTExZTYtOGY4OC0zNDM2M2JjN2M0YzAiOnsiY3JlYXRlIjo2MDAwMDAwMDAwMDAsImRlbGV0ZSI6NjAwMDAwMDAwMDAwLCJ1cGRhdGUiOjYwMDAwMDAwMDAwMH19",
          "dependencies": [
            "aws_security_group.connect_like",
            "aws_security_group.msk",
            "aws_security_group.privatelink",
            "data.aws_availability_zones.available",
            "data.aws_subnet.private",
            "data.aws_vpc_endpoint_service.elastic",
            "module.vpc.aws_subnet.private",
            "module.vpc.aws_vpc.this",
            "module.vpc.aws_vpc_ipv4_cidr_block_association.this"
          ]
        }
      ]
    },
    {
      "module": "module.vpc",
      "mode": "managed",
      "type": "aws_default_network_acl",
      "name": "this",
      "provider": "provider[\"registry.terraform.io/hashicorp/aws\"]",
      "instances": [
        {
          "index_key": 0,
          "schema_version": 0,
          "attributes": {
            "arn": "arn:aws:ec2:us-east-1:355262196527:network-acl/acl-0a8da98fbebea219c",
            "default_network_acl_id": "acl-0a8da98fbebea219c",
            "egress": [
              {
                "action": "allow",
                "cidr_block": "",
                "from_port": 0,
                "icmp_code": 0,
                "icmp_type": 0,
                "ipv6_cidr_block": "::/0",
                "protocol": "-1",
                "rule_no": 101,
                "to_port": 0
              },
              {
                "action": "allow",
                "cidr_block": "0.0.0.0/0",
                "from_port": 0,
                "icmp_code": 0,
                "icmp_type": 0,
                "ipv6_cidr_block": "",
                "protocol": "-1",
                "rule_no": 100,
                "to_port": 0
              }
            ],
            "id": "acl-0a8da98fbebea219c",
            "ingress": [
              {
                "action": "allow",
                "cidr_block": "",
                "from_port": 0,
                "icmp_code": 0,
                "icmp_type": 0,
                "ipv6_cidr_block": "::/0",
                "protocol": "-1",
                "rule_no": 101,
                "to_port": 0
              },
              {
                "action": "allow",
                "cidr_block": "0.0.0.0/0",
                "from_port": 0,
                "icmp_code": 0,
                "icmp_type": 0,
                "ipv6_cidr_block": "",
                "protocol": "-1",
                "rule_no": 100,
                "to_port": 0
              }
            ],
            "owner_id": "355262196527",
            "subnet_ids": [
              "subnet-047fd33944f88aa5f",
              "subnet-04d9373a91ee874cf",
              "subnet-065c1758bfd9cfb8b",
              "subnet-0f9908f6df7b85a63"
            ],
            "tags": {
              "ManagedBy": "terraform",
              "Name": "poc-msk-default",
              "Project": "poc-msk",
              "ResourceGroup": "poc-msk"
            },
            "tags_all": {
              "ManagedBy": "terraform",
              "Name": "poc-msk-default",
              "Project": "poc-msk",
              "ResourceGroup": "poc-msk"
            },
            "vpc_id": "vpc-01308898bef81845c"
          },
          "sensitive_attributes": [],
          "identity_schema_version": 0,
          "private": "bnVsbA==",
          "dependencies": [
            "module.vpc.aws_vpc.this"
          ]
        }
      ]
    },
    {
      "module": "module.vpc",
      "mode": "managed",
      "type": "aws_default_route_table",
      "name": "default",
      "provider": "provider[\"registry.terraform.io/hashicorp/aws\"]",
      "instances": [
        {
          "index_key": 0,
          "schema_version": 0,
          "attributes": {
            "arn": "arn:aws:ec2:us-east-1:355262196527:route-table/rtb-0859853950b60ee3b",
            "default_route_table_id": "rtb-0859853950b60ee3b",
            "id": "rtb-0859853950b60ee3b",
            "owner_id": "355262196527",
            "propagating_vgws": [],
            "route": [],
            "tags": {
              "ManagedBy": "terraform",
              "Name": "poc-msk-default",
              "Project": "poc-msk",
              "ResourceGroup": "poc-msk"
            },
            "tags_all": {
              "ManagedBy": "terraform",
              "Name": "poc-msk-default",
              "Project": "poc-msk",
              "ResourceGroup": "poc-msk"
            },
            "timeouts": {
              "create": "5m",
              "update": "5m"
            },
            "vpc_id": "vpc-01308898bef81845c"
          },
          "sensitive_attributes": [],
          "identity_schema_version": 0,
          "private": "eyJlMmJmYjczMC1lY2FhLTExZTYtOGY4OC0zNDM2M2JjN2M0YzAiOnsiY3JlYXRlIjozMDAwMDAwMDAwMDAsInVwZGF0ZSI6MzAwMDAwMDAwMDAwfX0=",
          "dependencies": [
            "module.vpc.aws_vpc.this"
          ]
        }
      ]
    },
    {
      "module": "module.vpc",
      "mode": "managed",
      "type": "aws_default_security_group",
      "name": "this",
      "provider": "provider[\"registry.terraform.io/hashicorp/aws\"]",
      "instances": [
        {
          "index_key": 0,
          "schema_version": 1,
          "attributes": {
            "arn": "arn:aws:ec2:us-east-1:355262196527:security-group/sg-04a370a031094fcc3",
            "description": "default VPC security group",
            "egress": [],
            "id": "sg-04a370a031094fcc3",
            "ingress": [],
            "name": "default",
            "name_prefix": "",
            "owner_id": "355262196527",
            "revoke_rules_on_delete": false,
            "tags": {
              "ManagedBy": "terraform",
              "Name": "poc-msk-default",
              "Project": "poc-msk",
              "ResourceGroup": "poc-msk"
            },
            "tags_all": {
              "ManagedBy": "terraform",
              "Name": "poc-msk-default",
              "Project": "poc-msk",
              "ResourceGroup": "poc-msk"
            },
            "vpc_id": "vpc-01308898bef81845c"
          },
          "sensitive_attributes": [],
          "identity_schema_version": 0,
          "private": "eyJzY2hlbWFfdmVyc2lvbiI6IjEifQ==",
          "dependencies": [
            "module.vpc.aws_vpc.this"
          ]
        }
      ]
    },
    {
      "module": "module.vpc",
      "mode": "managed",
      "type": "aws_eip",
      "name": "nat",
      "provider": "provider[\"registry.terraform.io/hashicorp/aws\"]",
      "instances": [
        {
          "index_key": 0,
          "schema_version": 0,
          "attributes": {
            "address": null,
            "allocation_id": "eipalloc-009f0938d9d08352f",
            "arn": "arn:aws:ec2:us-east-1:355262196527:elastic-ip/eipalloc-009f0938d9d08352f",
            "associate_with_private_ip": null,
            "association_id": "eipassoc-086836ec194fe7912",
            "carrier_ip": "",
            "customer_owned_ip": "",
            "customer_owned_ipv4_pool": "",
            "domain": "vpc",
            "id": "eipalloc-009f0938d9d08352f",
            "instance": "",
            "ipam_pool_id": null,
            "network_border_group": "us-east-1",
            "network_interface": "eni-099c16f130d43d0e0",
            "private_dns": "ip-10-40-1-84.ec2.internal",
            "private_ip": "10.40.1.84",
            "ptr_record": "",
            "public_dns": "ec2-52-2-185-120.compute-1.amazonaws.com",
            "public_ip": "52.2.185.120",
            "public_ipv4_pool": "amazon",
            "tags": {
              "ManagedBy": "terraform",
              "Name": "poc-msk-us-east-1a",
              "Project": "poc-msk",
              "ResourceGroup": "poc-msk"
            },
            "tags_all": {
              "ManagedBy": "terraform",
              "Name": "poc-msk-us-east-1a",
              "Project": "poc-msk",
              "ResourceGroup": "poc-msk"
            },
            "timeouts": null,
            "vpc": true
          },
          "sensitive_attributes": [],
          "identity_schema_version": 0,
          "private": "eyJlMmJmYjczMC1lY2FhLTExZTYtOGY4OC0zNDM2M2JjN2M0YzAiOnsiZGVsZXRlIjoxODAwMDAwMDAwMDAsInJlYWQiOjkwMDAwMDAwMDAwMCwidXBkYXRlIjozMDAwMDAwMDAwMDB9fQ==",
          "dependencies": [
            "data.aws_availability_zones.available",
            "module.vpc.aws_internet_gateway.this",
            "module.vpc.aws_vpc.this",
            "module.vpc.aws_vpc_ipv4_cidr_block_association.this"
          ]
        }
      ]
    },
    {
      "module": "module.vpc",
      "mode": "managed",
      "type": "aws_internet_gateway",
      "name": "this",
      "provider": "provider[\"registry.terraform.io/hashicorp/aws\"]",
      "instances": [
        {
          "index_key": 0,
          "schema_version": 0,
          "attributes": {
            "arn": "arn:aws:ec2:us-east-1:355262196527:internet-gateway/igw-0da88018850b607dc",
            "id": "igw-0da88018850b607dc",
            "owner_id": "355262196527",
            "tags": {
              "ManagedBy": "terraform",
              "Name": "poc-msk",
              "Project": "poc-msk",
              "ResourceGroup": "poc-msk"
            },
            "tags_all": {
              "ManagedBy": "terraform",
              "Name": "poc-msk",
              "Project": "poc-msk",
              "ResourceGroup": "poc-msk"
            },
            "timeouts": null,
            "vpc_id": "vpc-01308898bef81845c"
          },
          "sensitive_attributes": [],
          "identity_schema_version": 0,
          "private": "eyJlMmJmYjczMC1lY2FhLTExZTYtOGY4OC0zNDM2M2JjN2M0YzAiOnsiY3JlYXRlIjoxMjAwMDAwMDAwMDAwLCJkZWxldGUiOjEyMDAwMDAwMDAwMDAsInVwZGF0ZSI6MTIwMDAwMDAwMDAwMH19",
          "dependencies": [
            "data.aws_availability_zones.available",
            "module.vpc.aws_vpc.this",
            "module.vpc.aws_vpc_ipv4_cidr_block_association.this"
          ]
        }
      ]
    },
    {
      "module": "module.vpc",
      "mode": "managed",
      "type": "aws_nat_gateway",
      "name": "this",
      "provider": "provider[\"registry.terraform.io/hashicorp/aws\"]",
      "instances": [
        {
          "index_key": 0,
          "schema_version": 0,
          "attributes": {
            "allocation_id": "eipalloc-009f0938d9d08352f",
            "association_id": "eipassoc-086836ec194fe7912",
            "connectivity_type": "public",
            "id": "nat-0424ac6c7aad67530",
            "network_interface_id": "eni-099c16f130d43d0e0",
            "private_ip": "10.40.1.84",
            "public_ip": "52.2.185.120",
            "secondary_allocation_ids": [],
            "secondary_private_ip_address_count": 0,
            "secondary_private_ip_addresses": [],
            "subnet_id": "subnet-0f9908f6df7b85a63",
            "tags": {
              "ManagedBy": "terraform",
              "Name": "poc-msk-us-east-1a",
              "Project": "poc-msk",
              "ResourceGroup": "poc-msk"
            },
            "tags_all": {
              "ManagedBy": "terraform",
              "Name": "poc-msk-us-east-1a",
              "Project": "poc-msk",
              "ResourceGroup": "poc-msk"
            },
            "timeouts": null
          },
          "sensitive_attributes": [],
          "identity_schema_version": 0,
          "private": "eyJlMmJmYjczMC1lY2FhLTExZTYtOGY4OC0zNDM2M2JjN2M0YzAiOnsiY3JlYXRlIjo2MDAwMDAwMDAwMDAsImRlbGV0ZSI6MTgwMDAwMDAwMDAwMCwidXBkYXRlIjo2MDAwMDAwMDAwMDB9fQ==",
          "dependencies": [
            "data.aws_availability_zones.available",
            "module.vpc.aws_eip.nat",
            "module.vpc.aws_internet_gateway.this",
            "module.vpc.aws_subnet.public",
            "module.vpc.aws_vpc.this",
            "module.vpc.aws_vpc_ipv4_cidr_block_association.this"
          ]
        }
      ]
    },
    {
      "module": "module.vpc",
      "mode": "managed",
      "type": "aws_route",
      "name": "private_nat_gateway",
      "provider": "provider[\"registry.terraform.io/hashicorp/aws\"]",
      "instances": [
        {
          "index_key": 0,
          "schema_version": 0,
          "attributes": {
            "carrier_gateway_id": "",
            "core_network_arn": "",
            "destination_cidr_block": "0.0.0.0/0",
            "destination_ipv6_cidr_block": "",
            "destination_prefix_list_id": "",
            "egress_only_gateway_id": "",
            "gateway_id": "",
            "id": "r-rtb-01cbf1538ef45ab831080289494",
            "instance_id": "",
            "instance_owner_id": "",
            "local_gateway_id": "",
            "nat_gateway_id": "nat-0424ac6c7aad67530",
            "network_interface_id": "",
            "origin": "CreateRoute",
            "route_table_id": "rtb-01cbf1538ef45ab83",
            "state": "active",
            "timeouts": {
              "create": "5m",
              "delete": null,
              "update": null
            },
            "transit_gateway_id": "",
            "vpc_endpoint_id": "",
            "vpc_peering_connection_id": ""
          },
          "sensitive_attributes": [],
          "identity_schema_version": 0,
          "private": "eyJlMmJmYjczMC1lY2FhLTExZTYtOGY4OC0zNDM2M2JjN2M0YzAiOnsiY3JlYXRlIjozMDAwMDAwMDAwMDAsImRlbGV0ZSI6MzAwMDAwMDAwMDAwLCJ1cGRhdGUiOjEyMDAwMDAwMDAwMH19",
          "dependencies": [
            "data.aws_availability_zones.available",
            "module.vpc.aws_eip.nat",
            "module.vpc.aws_internet_gateway.this",
            "module.vpc.aws_nat_gateway.this",
            "module.vpc.aws_route_table.private",
            "module.vpc.aws_subnet.public",
            "module.vpc.aws_vpc.this",
            "module.vpc.aws_vpc_ipv4_cidr_block_association.this"
          ]
        }
      ]
    },
    {
      "module": "module.vpc",
      "mode": "managed",
      "type": "aws_route",
      "name": "public_internet_gateway",
      "provider": "provider[\"registry.terraform.io/hashicorp/aws\"]",
      "instances": [
        {
          "index_key": 0,
          "schema_version": 0,
          "attributes": {
            "carrier_gateway_id": "",
            "core_network_arn": "",
            "destination_cidr_block": "0.0.0.0/0",
            "destination_ipv6_cidr_block": "",
            "destination_prefix_list_id": "",
            "egress_only_gateway_id": "",
            "gateway_id": "igw-0da88018850b607dc",
            "id": "r-rtb-0ec1fcd0201b315e31080289494",
            "instance_id": "",
            "instance_owner_id": "",
            "local_gateway_id": "",
            "nat_gateway_id": "",
            "network_interface_id": "",
            "origin": "CreateRoute",
            "route_table_id": "rtb-0ec1fcd0201b315e3",
            "state": "active",
            "timeouts": {
              "create": "5m",
              "delete": null,
              "update": null
            },
            "transit_gateway_id": "",
            "vpc_endpoint_id": "",
            "vpc_peering_connection_id": ""
          },
          "sensitive_attributes": [],
          "identity_schema_version": 0,
          "private": "eyJlMmJmYjczMC1lY2FhLTExZTYtOGY4OC0zNDM2M2JjN2M0YzAiOnsiY3JlYXRlIjozMDAwMDAwMDAwMDAsImRlbGV0ZSI6MzAwMDAwMDAwMDAwLCJ1cGRhdGUiOjEyMDAwMDAwMDAwMH19",
          "dependencies": [
            "data.aws_availability_zones.available",
            "module.vpc.aws_internet_gateway.this",
            "module.vpc.aws_route_table.public",
            "module.vpc.aws_vpc.this",
            "module.vpc.aws_vpc_ipv4_cidr_block_association.this"
          ]
        }
      ]
    },
    {
      "module": "module.vpc",
      "mode": "managed",
      "type": "aws_route_table",
      "name": "private",
      "provider": "provider[\"registry.terraform.io/hashicorp/aws\"]",
      "instances": [
        {
          "index_key": 0,
          "schema_version": 0,
          "attributes": {
            "arn": "arn:aws:ec2:us-east-1:355262196527:route-table/rtb-01cbf1538ef45ab83",
            "id": "rtb-01cbf1538ef45ab83",
            "owner_id": "355262196527",
            "propagating_vgws": [],
            "route": [
              {
                "carrier_gateway_id": "",
                "cidr_block": "0.0.0.0/0",
                "core_network_arn": "",
                "destination_prefix_list_id": "",
                "egress_only_gateway_id": "",
                "gateway_id": "",
                "ipv6_cidr_block": "",
                "local_gateway_id": "",
                "nat_gateway_id": "nat-0424ac6c7aad67530",
                "network_interface_id": "",
                "transit_gateway_id": "",
                "vpc_endpoint_id": "",
                "vpc_peering_connection_id": ""
              }
            ],
            "tags": {
              "ManagedBy": "terraform",
              "Name": "poc-msk-private",
              "Project": "poc-msk",
              "ResourceGroup": "poc-msk"
            },
            "tags_all": {
              "ManagedBy": "terraform",
              "Name": "poc-msk-private",
              "Project": "poc-msk",
              "ResourceGroup": "poc-msk"
            },
            "timeouts": null,
            "vpc_id": "vpc-01308898bef81845c"
          },
          "sensitive_attributes": [],
          "identity_schema_version": 0,
          "private": "eyJlMmJmYjczMC1lY2FhLTExZTYtOGY4OC0zNDM2M2JjN2M0YzAiOnsiY3JlYXRlIjozMDAwMDAwMDAwMDAsImRlbGV0ZSI6MzAwMDAwMDAwMDAwLCJ1cGRhdGUiOjEyMDAwMDAwMDAwMH19",
          "dependencies": [
            "data.aws_availability_zones.available",
            "module.vpc.aws_vpc.this",
            "module.vpc.aws_vpc_ipv4_cidr_block_association.this"
          ]
        }
      ]
    },
    {
      "module": "module.vpc",
      "mode": "managed",
      "type": "aws_route_table",
      "name": "public",
      "provider": "provider[\"registry.terraform.io/hashicorp/aws\"]",
      "instances": [
        {
          "index_key": 0,
          "schema_version": 0,
          "attributes": {
            "arn": "arn:aws:ec2:us-east-1:355262196527:route-table/rtb-0ec1fcd0201b315e3",
            "id": "rtb-0ec1fcd0201b315e3",
            "owner_id": "355262196527",
            "propagating_vgws": [],
            "route": [
              {
                "carrier_gateway_id": "",
                "cidr_block": "0.0.0.0/0",
                "core_network_arn": "",
                "destination_prefix_list_id": "",
                "egress_only_gateway_id": "",
                "gateway_id": "igw-0da88018850b607dc",
                "ipv6_cidr_block": "",
                "local_gateway_id": "",
                "nat_gateway_id": "",
                "network_interface_id": "",
                "transit_gateway_id": "",
                "vpc_endpoint_id": "",
                "vpc_peering_connection_id": ""
              }
            ],
            "tags": {
              "ManagedBy": "terraform",
              "Name": "poc-msk-public",
              "Project": "poc-msk",
              "ResourceGroup": "poc-msk"
            },
            "tags_all": {
              "ManagedBy": "terraform",
              "Name": "poc-msk-public",
              "Project": "poc-msk",
              "ResourceGroup": "poc-msk"
            },
            "timeouts": null,
            "vpc_id": "vpc-01308898bef81845c"
          },
          "sensitive_attributes": [],
          "identity_schema_version": 0,
          "private": "eyJlMmJmYjczMC1lY2FhLTExZTYtOGY4OC0zNDM2M2JjN2M0YzAiOnsiY3JlYXRlIjozMDAwMDAwMDAwMDAsImRlbGV0ZSI6MzAwMDAwMDAwMDAwLCJ1cGRhdGUiOjEyMDAwMDAwMDAwMH19",
          "dependencies": [
            "data.aws_availability_zones.available",
            "module.vpc.aws_vpc.this",
            "module.vpc.aws_vpc_ipv4_cidr_block_association.this"
          ]
        }
      ]
    },
    {
      "module": "module.vpc",
      "mode": "managed",
      "type": "aws_route_table_association",
      "name": "private",
      "provider": "provider[\"registry.terraform.io/hashicorp/aws\"]",
      "instances": [
        {
          "index_key": 0,
          "schema_version": 0,
          "attributes": {
            "gateway_id": "",
            "id": "rtbassoc-0e8b06f07633af98c",
            "route_table_id": "rtb-01cbf1538ef45ab83",
            "subnet_id": "subnet-065c1758bfd9cfb8b",
            "timeouts": null
          },
          "sensitive_attributes": [],
          "identity_schema_version": 0,
          "private": "eyJlMmJmYjczMC1lY2FhLTExZTYtOGY4OC0zNDM2M2JjN2M0YzAiOnsiY3JlYXRlIjozMDAwMDAwMDAwMDAsImRlbGV0ZSI6MzAwMDAwMDAwMDAwLCJ1cGRhdGUiOjEyMDAwMDAwMDAwMH19",
          "dependencies": [
            "data.aws_availability_zones.available",
            "module.vpc.aws_route_table.private",
            "module.vpc.aws_subnet.private",
            "module.vpc.aws_vpc.this",
            "module.vpc.aws_vpc_ipv4_cidr_block_association.this"
          ]
        },
        {
          "index_key": 1,
          "schema_version": 0,
          "attributes": {
            "gateway_id": "",
            "id": "rtbassoc-087d20c2e9c741a92",
            "route_table_id": "rtb-01cbf1538ef45ab83",
            "subnet_id": "subnet-047fd33944f88aa5f",
            "timeouts": null
          },
          "sensitive_attributes": [],
          "identity_schema_version": 0,
          "private": "eyJlMmJmYjczMC1lY2FhLTExZTYtOGY4OC0zNDM2M2JjN2M0YzAiOnsiY3JlYXRlIjozMDAwMDAwMDAwMDAsImRlbGV0ZSI6MzAwMDAwMDAwMDAwLCJ1cGRhdGUiOjEyMDAwMDAwMDAwMH19",
          "dependencies": [
            "data.aws_availability_zones.available",
            "module.vpc.aws_route_table.private",
            "module.vpc.aws_subnet.private",
            "module.vpc.aws_vpc.this",
            "module.vpc.aws_vpc_ipv4_cidr_block_association.this"
          ]
        }
      ]
    },
    {
      "module": "module.vpc",
      "mode": "managed",
      "type": "aws_route_table_association",
      "name": "public",
      "provider": "provider[\"registry.terraform.io/hashicorp/aws\"]",
      "instances": [
        {
          "index_key": 0,
          "schema_version": 0,
          "attributes": {
            "gateway_id": "",
            "id": "rtbassoc-09c12acdc993fe75d",
            "route_table_id": "rtb-0ec1fcd0201b315e3",
            "subnet_id": "subnet-0f9908f6df7b85a63",
            "timeouts": null
          },
          "sensitive_attributes": [],
          "identity_schema_version": 0,
          "private": "eyJlMmJmYjczMC1lY2FhLTExZTYtOGY4OC0zNDM2M2JjN2M0YzAiOnsiY3JlYXRlIjozMDAwMDAwMDAwMDAsImRlbGV0ZSI6MzAwMDAwMDAwMDAwLCJ1cGRhdGUiOjEyMDAwMDAwMDAwMH19",
          "dependencies": [
            "data.aws_availability_zones.available",
            "module.vpc.aws_route_table.public",
            "module.vpc.aws_subnet.public",
            "module.vpc.aws_vpc.this",
            "module.vpc.aws_vpc_ipv4_cidr_block_association.this"
          ]
        },
        {
          "index_key": 1,
          "schema_version": 0,
          "attributes": {
            "gateway_id": "",
            "id": "rtbassoc-0665c2f71e142f9dc",
            "route_table_id": "rtb-0ec1fcd0201b315e3",
            "subnet_id": "subnet-04d9373a91ee874cf",
            "timeouts": null
          },
          "sensitive_attributes": [],
          "identity_schema_version": 0,
          "private": "eyJlMmJmYjczMC1lY2FhLTExZTYtOGY4OC0zNDM2M2JjN2M0YzAiOnsiY3JlYXRlIjozMDAwMDAwMDAwMDAsImRlbGV0ZSI6MzAwMDAwMDAwMDAwLCJ1cGRhdGUiOjEyMDAwMDAwMDAwMH19",
          "dependencies": [
            "data.aws_availability_zones.available",
            "module.vpc.aws_route_table.public",
            "module.vpc.aws_subnet.public",
            "module.vpc.aws_vpc.this",
            "module.vpc.aws_vpc_ipv4_cidr_block_association.this"
          ]
        }
      ]
    },
    {
      "module": "module.vpc",
      "mode": "managed",
      "type": "aws_subnet",
      "name": "private",
      "provider": "provider[\"registry.terraform.io/hashicorp/aws\"]",
      "instances": [
        {
          "index_key": 0,
          "schema_version": 1,
          "attributes": {
            "arn": "arn:aws:ec2:us-east-1:355262196527:subnet/subnet-065c1758bfd9cfb8b",
            "assign_ipv6_address_on_creation": false,
            "availability_zone": "us-east-1a",
            "availability_zone_id": "use1-az1",
            "cidr_block": "10.40.11.0/24",
            "customer_owned_ipv4_pool": "",
            "enable_dns64": false,
            "enable_lni_at_device_index": 0,
            "enable_resource_name_dns_a_record_on_launch": false,
            "enable_resource_name_dns_aaaa_record_on_launch": false,
            "id": "subnet-065c1758bfd9cfb8b",
            "ipv6_cidr_block": "",
            "ipv6_cidr_block_association_id": "",
            "ipv6_native": false,
            "map_customer_owned_ip_on_launch": false,
            "map_public_ip_on_launch": false,
            "outpost_arn": "",
            "owner_id": "355262196527",
            "private_dns_hostname_type_on_launch": "ip-name",
            "tags": {
              "ManagedBy": "terraform",
              "Name": "poc-msk-private-us-east-1a",
              "Project": "poc-msk",
              "ResourceGroup": "poc-msk"
            },
            "tags_all": {
              "ManagedBy": "terraform",
              "Name": "poc-msk-private-us-east-1a",
              "Project": "poc-msk",
              "ResourceGroup": "poc-msk"
            },
            "timeouts": null,
            "vpc_id": "vpc-01308898bef81845c"
          },
          "sensitive_attributes": [],
          "identity_schema_version": 0,
          "private": "eyJlMmJmYjczMC1lY2FhLTExZTYtOGY4OC0zNDM2M2JjN2M0YzAiOnsiY3JlYXRlIjo2MDAwMDAwMDAwMDAsImRlbGV0ZSI6MTIwMDAwMDAwMDAwMH0sInNjaGVtYV92ZXJzaW9uIjoiMSJ9",
          "dependencies": [
            "data.aws_availability_zones.available",
            "module.vpc.aws_vpc.this",
            "module.vpc.aws_vpc_ipv4_cidr_block_association.this"
          ]
        },
        {
          "index_key": 1,
          "schema_version": 1,
          "attributes": {
            "arn": "arn:aws:ec2:us-east-1:355262196527:subnet/subnet-047fd33944f88aa5f",
            "assign_ipv6_address_on_creation": false,
            "availability_zone": "us-east-1b",
            "availability_zone_id": "use1-az2",
            "cidr_block": "10.40.12.0/24",
            "customer_owned_ipv4_pool": "",
            "enable_dns64": false,
            "enable_lni_at_device_index": 0,
            "enable_resource_name_dns_a_record_on_launch": false,
            "enable_resource_name_dns_aaaa_record_on_launch": false,
            "id": "subnet-047fd33944f88aa5f",
            "ipv6_cidr_block": "",
            "ipv6_cidr_block_association_id": "",
            "ipv6_native": false,
            "map_customer_owned_ip_on_launch": false,
            "map_public_ip_on_launch": false,
            "outpost_arn": "",
            "owner_id": "355262196527",
            "private_dns_hostname_type_on_launch": "ip-name",
            "tags": {
              "ManagedBy": "terraform",
              "Name": "poc-msk-private-us-east-1b",
              "Project": "poc-msk",
              "ResourceGroup": "poc-msk"
            },
            "tags_all": {
              "ManagedBy": "terraform",
              "Name": "poc-msk-private-us-east-1b",
              "Project": "poc-msk",
              "ResourceGroup": "poc-msk"
            },
            "timeouts": null,
            "vpc_id": "vpc-01308898bef81845c"
          },
          "sensitive_attributes": [],
          "identity_schema_version": 0,
          "private": "eyJlMmJmYjczMC1lY2FhLTExZTYtOGY4OC0zNDM2M2JjN2M0YzAiOnsiY3JlYXRlIjo2MDAwMDAwMDAwMDAsImRlbGV0ZSI6MTIwMDAwMDAwMDAwMH0sInNjaGVtYV92ZXJzaW9uIjoiMSJ9",
          "dependencies": [
            "data.aws_availability_zones.available",
            "module.vpc.aws_vpc.this",
            "module.vpc.aws_vpc_ipv4_cidr_block_association.this"
          ]
        }
      ]
    },
    {
      "module": "module.vpc",
      "mode": "managed",
      "type": "aws_subnet",
      "name": "public",
      "provider": "provider[\"registry.terraform.io/hashicorp/aws\"]",
      "instances": [
        {
          "index_key": 0,
          "schema_version": 1,
          "attributes": {
            "arn": "arn:aws:ec2:us-east-1:355262196527:subnet/subnet-0f9908f6df7b85a63",
            "assign_ipv6_address_on_creation": false,
            "availability_zone": "us-east-1a",
            "availability_zone_id": "use1-az1",
            "cidr_block": "10.40.1.0/24",
            "customer_owned_ipv4_pool": "",
            "enable_dns64": false,
            "enable_lni_at_device_index": 0,
            "enable_resource_name_dns_a_record_on_launch": false,
            "enable_resource_name_dns_aaaa_record_on_launch": false,
            "id": "subnet-0f9908f6df7b85a63",
            "ipv6_cidr_block": "",
            "ipv6_cidr_block_association_id": "",
            "ipv6_native": false,
            "map_customer_owned_ip_on_launch": false,
            "map_public_ip_on_launch": false,
            "outpost_arn": "",
            "owner_id": "355262196527",
            "private_dns_hostname_type_on_launch": "ip-name",
            "tags": {
              "ManagedBy": "terraform",
              "Name": "poc-msk-public-us-east-1a",
              "Project": "poc-msk",
              "ResourceGroup": "poc-msk"
            },
            "tags_all": {
              "ManagedBy": "terraform",
              "Name": "poc-msk-public-us-east-1a",
              "Project": "poc-msk",
              "ResourceGroup": "poc-msk"
            },
            "timeouts": null,
            "vpc_id": "vpc-01308898bef81845c"
          },
          "sensitive_attributes": [],
          "identity_schema_version": 0,
          "private": "eyJlMmJmYjczMC1lY2FhLTExZTYtOGY4OC0zNDM2M2JjN2M0YzAiOnsiY3JlYXRlIjo2MDAwMDAwMDAwMDAsImRlbGV0ZSI6MTIwMDAwMDAwMDAwMH0sInNjaGVtYV92ZXJzaW9uIjoiMSJ9",
          "dependencies": [
            "data.aws_availability_zones.available",
            "module.vpc.aws_vpc.this",
            "module.vpc.aws_vpc_ipv4_cidr_block_association.this"
          ]
        },
        {
          "index_key": 1,
          "schema_version": 1,
          "attributes": {
            "arn": "arn:aws:ec2:us-east-1:355262196527:subnet/subnet-04d9373a91ee874cf",
            "assign_ipv6_address_on_creation": false,
            "availability_zone": "us-east-1b",
            "availability_zone_id": "use1-az2",
            "cidr_block": "10.40.2.0/24",
            "customer_owned_ipv4_pool": "",
            "enable_dns64": false,
            "enable_lni_at_device_index": 0,
            "enable_resource_name_dns_a_record_on_launch": false,
            "enable_resource_name_dns_aaaa_record_on_launch": false,
            "id": "subnet-04d9373a91ee874cf",
            "ipv6_cidr_block": "",
            "ipv6_cidr_block_association_id": "",
            "ipv6_native": false,
            "map_customer_owned_ip_on_launch": false,
            "map_public_ip_on_launch": false,
            "outpost_arn": "",
            "owner_id": "355262196527",
            "private_dns_hostname_type_on_launch": "ip-name",
            "tags": {
              "ManagedBy": "terraform",
              "Name": "poc-msk-public-us-east-1b",
              "Project": "poc-msk",
              "ResourceGroup": "poc-msk"
            },
            "tags_all": {
              "ManagedBy": "terraform",
              "Name": "poc-msk-public-us-east-1b",
              "Project": "poc-msk",
              "ResourceGroup": "poc-msk"
            },
            "timeouts": null,
            "vpc_id": "vpc-01308898bef81845c"
          },
          "sensitive_attributes": [],
          "identity_schema_version": 0,
          "private": "eyJlMmJmYjczMC1lY2FhLTExZTYtOGY4OC0zNDM2M2JjN2M0YzAiOnsiY3JlYXRlIjo2MDAwMDAwMDAwMDAsImRlbGV0ZSI6MTIwMDAwMDAwMDAwMH0sInNjaGVtYV92ZXJzaW9uIjoiMSJ9",
          "dependencies": [
            "data.aws_availability_zones.available",
            "module.vpc.aws_vpc.this",
            "module.vpc.aws_vpc_ipv4_cidr_block_association.this"
          ]
        }
      ]
    },
    {
      "module": "module.vpc",
      "mode": "managed",
      "type": "aws_vpc",
      "name": "this",
      "provider": "provider[\"registry.terraform.io/hashicorp/aws\"]",
      "instances": [
        {
          "index_key": 0,
          "schema_version": 1,
          "attributes": {
            "arn": "arn:aws:ec2:us-east-1:355262196527:vpc/vpc-01308898bef81845c",
            "assign_generated_ipv6_cidr_block": false,
            "cidr_block": "10.40.0.0/16",
            "default_network_acl_id": "acl-0a8da98fbebea219c",
            "default_route_table_id": "rtb-0859853950b60ee3b",
            "default_security_group_id": "sg-04a370a031094fcc3",
            "dhcp_options_id": "dopt-cea813b4",
            "enable_dns_hostnames": true,
            "enable_dns_support": true,
            "enable_network_address_usage_metrics": false,
            "id": "vpc-01308898bef81845c",
            "instance_tenancy": "default",
            "ipv4_ipam_pool_id": null,
            "ipv4_netmask_length": null,
            "ipv6_association_id": "",
            "ipv6_cidr_block": "",
            "ipv6_cidr_block_network_border_group": "",
            "ipv6_ipam_pool_id": "",
            "ipv6_netmask_length": 0,
            "main_route_table_id": "rtb-0859853950b60ee3b",
            "owner_id": "355262196527",
            "tags": {
              "ManagedBy": "terraform",
              "Name": "poc-msk",
              "Project": "poc-msk",
              "ResourceGroup": "poc-msk"
            },
            "tags_all": {
              "ManagedBy": "terraform",
              "Name": "poc-msk",
              "Project": "poc-msk",
              "ResourceGroup": "poc-msk"
            }
          },
          "sensitive_attributes": [],
          "identity_schema_version": 0,
          "private": "eyJzY2hlbWFfdmVyc2lvbiI6IjEifQ=="
        }
      ]
    }
  ],
  "check_results": [
    {
      "object_kind": "resource",
      "config_addr": "aws_vpc_endpoint.elastic_privatelink",
      "status": "pass",
      "objects": [
        {
          "object_addr": "aws_vpc_endpoint.elastic_privatelink",
          "status": "pass"
        }
      ]
    }
  ]
}
