{
  "version": 4,
  "terraform_version": "1.13.1",
  "serial": 34,
  "lineage": "7cf508b4-e264-3e55-dc99-529ee9814315",
  "outputs": {
    "ess_alias": {
      "value": "38f7640b2bfb4416a37e1adc11a779ab",
      "type": "string"
    },
    "ess_cloud_id": {
      "value": "poc-ess:dXMtZWFzdC0xLmF3cy5mb3VuZC5pbzo0NDMkMzhmNzY0MGIyYmZiNDQxNmEzN2UxYWRjMTFhNzc5YWIkZDUyNTJkOTI0NGY0NDBhZGEyZWY1YmMyZTA2YmIzZjk=",
      "type": "string"
    },
    "ess_deployment_id": {
      "value": "85b38536a79eea39406a4519c8d2712d",
      "type": "string"
    },
    "ess_deployment_template_id": {
      "value": "aws-general-purpose",
      "type": "string"
    },
    "ess_http_endpoint": {
      "value": "http://38f7640b2bfb4416a37e1adc11a779ab.us-east-1.aws.found.io:9200",
      "type": "string"
    },
    "ess_https_endpoint": {
      "value": "https://38f7640b2bfb4416a37e1adc11a779ab.us-east-1.aws.found.io:443",
      "type": "string"
    },
    "ess_password": {
      "value": "wPLfi1QchwdvTWDu1lXjhnuD",
      "type": "string",
      "sensitive": true
    },
    "ess_region": {
      "value": "us-east-1",
      "type": "string"
    },
    "ess_username": {
      "value": "elastic",
      "type": "string"
    },
    "ess_version": {
      "value": "8.19.3",
      "type": "string"
    },
    "kibana_https_endpoint": {
      "value": "https://d5252d9244f440ada2ef5bc2e06bb3f9.us-east-1.aws.found.io:443",
      "type": "string"
    }
  },
  "resources": [
    {
      "mode": "data",
      "type": "ec_stack",
      "name": "v8",
      "provider": "provider[\"registry.terraform.io/elastic/ec\"]",
      "instances": [
        {
          "schema_version": 0,
          "attributes": {
            "accessible": true,
            "allowlisted": true,
            "apm": [
              {
                "capacity_constraints_max": null,
                "capacity_constraints_min": null,
                "compatible_node_types": null,
                "denylist": null,
                "docker_image": "docker.elastic.co/cloud-release/elastic-agent-cloud:8.19.3"
              }
            ],
            "elasticsearch": [
              {
                "capacity_constraints_max": null,
                "capacity_constraints_min": null,
                "compatible_node_types": null,
                "default_plugins": null,
                "denylist": [
                  "node.name",
                  "cluster.name",
                  "processors",
                  "node.roles",
                  "node.master",
                  "node.data",
                  "node.ingest",
                  "path.conf",
                  "path.data",
                  "path.logs",
                  "path.plugins",
                  "path.home",
                  "network.publish_host",
                  "network.bind_host",
                  "http.port",
                  "http.publish_port",
                  "transport.tcp.port",
                  "discovery.type",
                  "discovery.zen.masterservice.type",
                  "discovery.zen.ping.multicast.enabled",
                  "discovery.zen.ping.unicast.hosts",
                  "discovery.zen.minimum_master_nodes",
                  "bootstrap.mlockall",
                  "node.region",
                  "node.availability_zone",
                  "node.logical_availability_zone",
                  "node.attr.region",
                  "node.attr.availability_zone",
                  "node.attr.logical_availability_zone",
                  "cluster.routing.allocation.awareness.attributes",
                  "node.max_local_storage_nodes",
                  "gateway.type",
                  "gateway.local.initial_meta",
                  "found.rest_filter.required",
                  "found.election.confirmed.enabled",
                  "found.zookeeper.connection_string",
                  "found.zookeeper.session_timeout",
                  "found.zookeeper.acls",
                  "found.zookeeper.auths",
                  "cloud.aws.region",
                  "cloud.aws.access_key",
                  "cloud.aws.secret_key",
                  "shield.transport.filter_enabled",
                  "shield.authc.system_key.file",
                  "xpack.ccr.enabled",
                  "xpack.ilm.enabled",
                  "xpack.security.system_key.required",
                  "xpack.security.authc.reserved_realm.enabled",
                  "xpack.security.authc.realms.found.type",
                  "xpack.security.authc.realms.found.files.users",
                  "xpack.security.authc.realms.found.files.users_roles",
                  "xpack.security.authc.realms.found.order",
                  "xpack.security.authc.realms.native.type",
                  "xpack.security.authc.realms.native.order",
                  "xpack.security.enabled",
                  "shield.hide_settings"
                ],
                "docker_image": "docker.elastic.co/cloud-release/elasticsearch-cloud-ess:8.19.3",
                "plugins": [
                  "analysis-icu",
                  "analysis-kuromoji",
                  "analysis-nori",
                  "analysis-phonetic",
                  "analysis-smartcn",
                  "analysis-stempel",
                  "analysis-ukrainian",
                  "mapper-annotated-text",
                  "mapper-murmur3",
                  "mapper-size",
                  "microsoft-graph-authz"
                ]
              }
            ],
            "enterprise_search": [
              {
                "capacity_constraints_max": null,
                "capacity_constraints_min": null,
                "compatible_node_types": null,
                "denylist": null,
                "docker_image": "docker.elastic.co/cloud-release/enterprise-search-cloud:8.19.3"
              }
            ],
            "id": "8.19.3",
            "kibana": [
              {
                "capacity_constraints_max": null,
                "capacity_constraints_min": null,
                "compatible_node_types": null,
                "denylist": [
                  "node.name",
                  "cluster.name",
                  "processors",
                  "node.master",
                  "node.data",
                  "path.conf",
                  "path.data",
                  "path.logs",
                  "path.plugins",
                  "path.home",
                  "network.publish_host",
                  "network.bind_host",
                  "http.port",
                  "http.publish_port",
                  "transport.tcp.port",
                  "discovery.type",
                  "discovery.zen.masterservice.type",
                  "discovery.zen.ping.multicast.enabled",
                  "discovery.zen.ping.unicast.hosts",
                  "discovery.zen.minimum_master_nodes",
                  "bootstrap.mlockall",
                  "node.region",
                  "node.availability_zone",
                  "node.logical_availability_zone",
                  "node.attr.region",
                  "node.attr.availability_zone",
                  "node.attr.logical_availability_zone",
                  "cluster.routing.allocation.awareness.attributes",
                  "node.max_local_storage_nodes",
                  "gateway.type",
                  "gateway.local.initial_meta",
                  "found.rest_filter.required",
                  "found.election.confirmed.enabled",
                  "found.zookeeper.connection_string",
                  "found.zookeeper.session_timeout",
                  "found.zookeeper.acls",
                  "found.zookeeper.auths",
                  "cloud.aws.region",
                  "cloud.aws.access_key",
                  "cloud.aws.secret_key",
                  "shield.transport.filter_enabled",
                  "shield.authc.system_key.file",
                  "xpack.ccr.ui.enabled",
                  "xpack.ilm.filteredNodeAttributes",
                  "xpack.ilm.ui.enabled",
                  "xpack.remote_clusters.ui.enabled",
                  "xpack.security.system_key.required",
                  "xpack.security.authc.reserved_realm.enabled",
                  "xpack.security.authc.realms.found.type",
                  "xpack.security.authc.realms.found.files.users",
                  "xpack.security.authc.realms.found.files.users_roles",
                  "xpack.security.authc.realms.found.order",
                  "xpack.security.authc.realms.native.type",
                  "xpack.security.authc.realms.native.order",
                  "xpack.security.enabled",
                  "shield.hide_settings"
                ],
                "docker_image": "docker.elastic.co/cloud-release/kibana-cloud:8.19.3"
              }
            ],
            "lock": null,
            "min_upgradable_from": "8.18.6",
            "region": "us-east-1",
            "upgradable_to": [
              "9.1.3"
            ],
            "version": "8.19.3",
            "version_regex": "^8\\..*$"
          },
          "sensitive_attributes": [],
          "identity_schema_version": 0
        }
      ]
    },
    {
      "mode": "data",
      "type": "terraform_remote_state",
      "name": "msk",
      "provider": "provider[\"terraform.io/builtin/terraform\"]",
      "instances": [
        {
          "schema_version": 0,
          "attributes": {
            "backend": "local",
            "config": {
              "value": {
                "path": "./../01-msk/terraform.tfstate"
              },
              "type": [
                "object",
                {
                  "path": "string"
                }
              ]
            },
            "defaults": null,
            "outputs": {
              "value": {
                "aws_security_group_connect_like_id": "sg-04238a7f56657e478",
                "aws_security_group_msk_id": "sg-0ee97260fd68f89b3",
                "ec2_client_instance_id": "i-084f0aeebcc2226d2",
                "ec2_client_private_ip": "10.40.11.82",
                "ec2_client_ssm_command": "aws ssm start-session --target i-084f0aeebcc2226d2 --profile poc-mks",
                "msk_bootstrap_brokers_tls": "b-1.pocmsk.9akshv.c10.kafka.us-east-1.amazonaws.com:9094,b-2.pocmsk.9akshv.c10.kafka.us-east-1.amazonaws.com:9094",
                "private_subnet_ids": [
                  "subnet-065c1758bfd9cfb8b",
                  "subnet-047fd33944f88aa5f"
                ],
                "privatelink_eligible_private_subnet_ids": [
                  "subnet-047fd33944f88aa5f"
                ],
                "privatelink_record_fqdn": "*.vpce.us-east-1.aws.elastic-cloud.com",
                "privatelink_service_name": "com.amazonaws.vpce.us-east-1.vpce-svc-0e42e1e06ed010238",
                "privatelink_supported_az_names": [
                  "us-east-1b",
                  "us-east-1c",
                  "us-east-1d"
                ],
                "privatelink_zone_id": "Z0213426W9EFZYCGHIYW",
                "privatelink_zone_name": "vpce.us-east-1.aws.elastic-cloud.com",
                "vpce_dns_names": [
                  "vpce-0d4a684b5a0b872d8-3jatsyi2.vpce-svc-0e42e1e06ed010238.us-east-1.vpce.amazonaws.com",
                  "vpce-0d4a684b5a0b872d8-3jatsyi2-us-east-1b.vpce-svc-0e42e1e06ed010238.us-east-1.vpce.amazonaws.com"
                ],
                "vpce_dns_zone_ids": [
                  "Z7HUB22UULQXV",
                  "Z7HUB22UULQXV"
                ],
                "vpce_id": "vpce-0d4a684b5a0b872d8",
                "vpce_network_interface_ids": [
                  "eni-033635e8e548bd231"
                ],
                "vpce_security_group_id": "sg-0f0759aae3de4a729",
                "vpce_state": "available",
                "vpce_subnet_ids": [
                  "subnet-047fd33944f88aa5f"
                ]
              },
              "type": [
                "object",
                {
                  "aws_security_group_connect_like_id": "string",
                  "aws_security_group_msk_id": "string",
                  "ec2_client_instance_id": "string",
                  "ec2_client_private_ip": "string",
                  "ec2_client_ssm_command": "string",
                  "msk_bootstrap_brokers_tls": "string",
                  "private_subnet_ids": [
                    "tuple",
                    [
                      "string",
                      "string"
                    ]
                  ],
                  "privatelink_eligible_private_subnet_ids": [
                    "tuple",
                    [
                      "string"
                    ]
                  ],
                  "privatelink_record_fqdn": "string",
                  "privatelink_service_name": "string",
                  "privatelink_supported_az_names": [
                    "set",
                    "string"
                  ],
                  "privatelink_zone_id": "string",
                  "privatelink_zone_name": "string",
                  "vpce_dns_names": [
                    "list",
                    "string"
                  ],
                  "vpce_dns_zone_ids": [
                    "list",
                    "string"
                  ],
                  "vpce_id": "string",
                  "vpce_network_interface_ids": [
                    "set",
                    "string"
                  ],
                  "vpce_security_group_id": "string",
                  "vpce_state": "string",
                  "vpce_subnet_ids": [
                    "set",
                    "string"
                  ]
                }
              ]
            },
            "workspace": null
          },
          "sensitive_attributes": [],
          "identity_schema_version": 0
        }
      ]
    },
    {
      "mode": "managed",
      "type": "ec_deployment",
      "name": "ess",
      "provider": "provider[\"registry.terraform.io/elastic/ec\"]",
      "instances": [
        {
          "schema_version": 2,
          "attributes": {
            "alias": "poc-ess",
            "apm": null,
            "apm_secret_token": null,
            "deployment_template_id": "aws-general-purpose",
            "elasticsearch": {
              "autoscale": false,
              "cloud_id": "poc-ess:dXMtZWFzdC0xLmF3cy5mb3VuZC5pbzo0NDMkMzhmNzY0MGIyYmZiNDQxNmEzN2UxYWRjMTFhNzc5YWIkZDUyNTJkOTI0NGY0NDBhZGEyZWY1YmMyZTA2YmIzZjk=",
              "cold": null,
              "config": null,
              "coordinating": null,
              "extension": null,
              "frozen": null,
              "hot": {
                "autoscaling": {
                  "autoscale": null,
                  "max_size": "4g",
                  "max_size_resource": "memory",
                  "min_size": null,
                  "min_size_resource": null,
                  "policy_override_json": null
                },
                "instance_configuration_id": "aws.es.datahot.m5d",
                "instance_configuration_version": 1,
                "latest_instance_configuration_id": "aws.es.datahot.m5d",
                "latest_instance_configuration_version": 1,
                "node_roles": [
                  "data_content",
                  "data_hot",
                  "ingest",
                  "master",
                  "remote_cluster_client",
                  "transform"
                ],
                "node_type_data": null,
                "node_type_ingest": null,
                "node_type_master": null,
                "node_type_ml": null,
                "size": "1g",
                "size_resource": "memory",
                "zone_count": 1
              },
              "http_endpoint": "http://38f7640b2bfb4416a37e1adc11a779ab.us-east-1.aws.found.io:9200",
              "https_endpoint": "https://38f7640b2bfb4416a37e1adc11a779ab.us-east-1.aws.found.io:443",
              "keystore_contents": null,
              "master": null,
              "ml": null,
              "ref_id": "main-elasticsearch",
              "region": "us-east-1",
              "remote_cluster": null,
              "resource_id": "38f7640b2bfb4416a37e1adc11a779ab",
              "snapshot": {
                "enabled": true,
                "repository": null
              },
              "snapshot_source": null,
              "strategy": null,
              "trust_account": [
                {
                  "account_id": "640236202",
                  "trust_all": true,
                  "trust_allowlist": null
                }
              ],
              "trust_external": [],
              "warm": null
            },
            "elasticsearch_password": "wPLfi1QchwdvTWDu1lXjhnuD",
            "elasticsearch_username": "elastic",
            "enterprise_search": null,
            "id": "85b38536a79eea39406a4519c8d2712d",
            "integrations_server": null,
            "kibana": {
              "config": null,
              "elasticsearch_cluster_ref_id": "main-elasticsearch",
              "http_endpoint": "http://d5252d9244f440ada2ef5bc2e06bb3f9.us-east-1.aws.found.io:9200",
              "https_endpoint": "https://d5252d9244f440ada2ef5bc2e06bb3f9.us-east-1.aws.found.io:443",
              "instance_configuration_id": "aws.kibana.c5d",
              "instance_configuration_version": 1,
              "latest_instance_configuration_id": "aws.kibana.c5d",
              "latest_instance_configuration_version": 1,
              "ref_id": "main-kibana",
              "region": "us-east-1",
              "resource_id": "d5252d9244f440ada2ef5bc2e06bb3f9",
              "size": "1g",
              "size_resource": "memory",
              "zone_count": 1
            },
            "migrate_to_latest_hardware": null,
            "name": "poc-ess",
            "observability": null,
            "region": "us-east-1",
            "request_id": "",
            "reset_elasticsearch_password": null,
            "tags": null,
            "traffic_filter": [],
            "version": "8.19.3"
          },
          "sensitive_attributes": [
            [
              {
                "type": "get_attr",
                "value": "apm_secret_token"
              }
            ],
            [
              {
                "type": "get_attr",
                "value": "elasticsearch_password"
              }
            ]
          ],
          "identity_schema_version": 0,
          "private": "eyJ0cmFmZmljX2ZpbHRlcnMiOiJXMTA9In0=",
          "dependencies": [
            "data.ec_stack.v8"
          ],
          "create_before_destroy": true
        }
      ]
    },
    {
      "mode": "managed",
      "type": "ec_deployment_traffic_filter",
      "name": "admin_ip",
      "provider": "provider[\"registry.terraform.io/elastic/ec\"]",
      "instances": [
        {
          "schema_version": 0,
          "attributes": {
            "description": null,
            "id": "992e52ff81104e4e8b4002a192642532",
            "include_by_default": false,
            "name": "admin-ip-us-east-1",
            "region": "us-east-1",
            "rule": [
              {
                "azure_endpoint_guid": null,
                "azure_endpoint_name": null,
                "description": null,
                "id": "da9bf623d4634d12a4e05d31b7ccc6eb",
                "source": "191.53.178.49/32"
              }
            ],
            "type": "ip"
          },
          "sensitive_attributes": [],
          "identity_schema_version": 0
        }
      ]
    },
    {
      "mode": "managed",
      "type": "ec_deployment_traffic_filter",
      "name": "privatelink",
      "provider": "provider[\"registry.terraform.io/elastic/ec\"]",
      "instances": [
        {
          "schema_version": 0,
          "attributes": {
            "description": null,
            "id": "fbb52eedc488411ba9401b5695b52633",
            "include_by_default": false,
            "name": "plink-us-east-1",
            "region": "us-east-1",
            "rule": [
              {
                "azure_endpoint_guid": null,
                "azure_endpoint_name": null,
                "description": null,
                "id": "bf1dc3af1a204c3b9df215a228b2583b",
                "source": "vpce-0d4a684b5a0b872d8"
              }
            ],
            "type": "vpce"
          },
          "sensitive_attributes": [],
          "identity_schema_version": 0,
          "dependencies": [
            "data.terraform_remote_state.msk"
          ]
        }
      ]
    },
    {
      "mode": "managed",
      "type": "ec_deployment_traffic_filter_association",
      "name": "attach",
      "provider": "provider[\"registry.terraform.io/elastic/ec\"]",
      "instances": [
        {
          "schema_version": 0,
          "attributes": {
            "deployment_id": "85b38536a79eea39406a4519c8d2712d",
            "id": "85b38536a79eea39406a4519c8d2712d-fbb52eedc488411ba9401b5695b52633",
            "traffic_filter_id": "fbb52eedc488411ba9401b5695b52633"
          },
          "sensitive_attributes": [],
          "identity_schema_version": 0,
          "dependencies": [
            "data.ec_stack.v8",
            "data.terraform_remote_state.msk",
            "ec_deployment.ess",
            "ec_deployment_traffic_filter.privatelink"
          ]
        }
      ]
    },
    {
      "mode": "managed",
      "type": "ec_deployment_traffic_filter_association",
      "name": "attach_admin_ip",
      "provider": "provider[\"registry.terraform.io/elastic/ec\"]",
      "instances": [
        {
          "schema_version": 0,
          "attributes": {
            "deployment_id": "85b38536a79eea39406a4519c8d2712d",
            "id": "85b38536a79eea39406a4519c8d2712d-992e52ff81104e4e8b4002a192642532",
            "traffic_filter_id": "992e52ff81104e4e8b4002a192642532"
          },
          "sensitive_attributes": [],
          "identity_schema_version": 0,
          "dependencies": [
            "data.ec_stack.v8",
            "ec_deployment.ess",
            "ec_deployment_traffic_filter.admin_ip"
          ]
        }
      ]
    }
  ],
  "check_results": null
}
